
Microsoft Visual Studio Solution File, Format Version 12.00
# Visual Studio Version 16
VisualStudioVersion = 16.0.29102.190
MinimumVisualStudioVersion = 10.0.40219.1
Project("{2150E333-8FDC-42A3-9474-1A3956D46DE8}") = "Solution Items", "Solution Items", "{B1387CB2-E6D3-4266-B1E7-065826845F0E}"
	ProjectSection(SolutionItems) = preProject
		..\.editorconfig = ..\.editorconfig
		..\build\build.yml = ..\build\build.yml
		..\CHANGELOG.md = ..\CHANGELOG.md
		..\build\AzureDevOps\generator.azure-pipelines.yml = ..\build\AzureDevOps\generator.azure-pipelines.yml
		..\build\GitVersion.yml = ..\build\GitVersion.yml
		..\LICENSE = ..\LICENSE
	EndProjectSection
EndProject
Project("{9A19103F-16F7-4668-BE54-9A1E7A4F7556}") = "FontAwesome5", "FontAwesome5\FontAwesome5.csproj", "{C5B304E1-FA5C-4A51-A2F2-816EB2D2A888}"
EndProject
Project("{2150E333-8FDC-42A3-9474-1A3956D46DE8}") = "NuGet", "NuGet", "{C2DF6A3D-4A1A-43C4-9474-7591294B72E9}"
	ProjectSection(SolutionItems) = preProject
		NuGet\FontAwesome5.nuspec = NuGet\FontAwesome5.nuspec
		NuGet\FontAwesome5.template.Free.nuspec = NuGet\FontAwesome5.template.Free.nuspec
		NuGet\FontAwesome5.template.Pro.nuspec = NuGet\FontAwesome5.template.Pro.nuspec
	EndProjectSection
EndProject
Project("{2150E333-8FDC-42A3-9474-1A3956D46DE8}") = "Tools", "Tools", "{5DB18EB6-0943-4E8A-A9D7-C7146AD79C00}"
EndProject
Project("{FAE04EC0-301F-11D3-BF4B-00C04F79EFBC}") = "FontAwesome5.Generator", "Tools\FontAwesome5.Generator\FontAwesome5.Generator.csproj", "{36BAF672-62DD-46A9-B6E6-1F3B0AA0D84B}"
EndProject
Project("{FAE04EC0-301F-11D3-BF4B-00C04F79EFBC}") = "FontAwesome5.UWP", "FontAwesome5.UWP\FontAwesome5.UWP.csproj", "{3DA649D8-590A-4BBD-8181-F01BC81748B7}"
EndProject
Project("{9A19103F-16F7-4668-BE54-9A1E7A4F7556}") = "FontAwesome5.Net", "FontAwesome5.Net\FontAwesome5.Net.csproj", "{3CECBBCF-74FA-4090-8872-2AF06D8BDE15}"
EndProject
Project("{D954291E-2A0B-460D-934E-DC6B0785DB48}") = "FontAwesome.Shared", "FontAwesome.Shared\FontAwesome.Shared.shproj", "{2F36F2DF-F8B2-49CB-91E7-E5C88E3A96D5}"
EndProject
Project("{2150E333-8FDC-42A3-9474-1A3956D46DE8}") = "Examples", "Examples", "{4AEDDC89-0F0F-4FFE-9E7F-FB2834A97BEB}"
EndProject
Project("{FAE04EC0-301F-11D3-BF4B-00C04F79EFBC}") = "FontAwesome5.Net40.Example", "Examples\FontAwesome5.Net40.Example\FontAwesome5.Net40.Example.csproj", "{C746EF21-96BB-4345-B888-A7BBEBAFBA3C}"
EndProject
Project("{9A19103F-16F7-4668-BE54-9A1E7A4F7556}") = "FontAwesome5.NetCore.Example", "Examples\FontAwesome5.NetCore.Example\FontAwesome5.NetCore.Example.csproj", "{BAC749B5-1E4D-4175-8AD7-81BD0AE080C1}"
EndProject
Project("{FAE04EC0-301F-11D3-BF4B-00C04F79EFBC}") = "FontAwesome5.UWP.Example", "Examples\FontAwesome5.UWP.Example\FontAwesome5.UWP.Example.csproj", "{F9E78A5B-F7DB-4870-A2C4-9FE7FAFA5212}"
EndProject
Project("{9A19103F-16F7-4668-BE54-9A1E7A4F7556}") = "FontAwesome5.Net.Pro", "FontAwesome5.Net.Pro\FontAwesome5.Net.Pro.csproj", "{2B93E38A-D9A7-4571-B906-174714AAF9E2}"
EndProject
Project("{D954291E-2A0B-460D-934E-DC6B0785DB48}") = "FontAwesome5.UWP.Shared", "FontAwesome5.UWP.Shared\FontAwesome5.UWP.Shared.shproj", "{968F7119-0D15-465A-B6E8-53A04BDDF060}"
EndProject
Project("{D954291E-2A0B-460D-934E-DC6B0785DB48}") = "FontAwesome5.Net.Shared", "FontAwesome5.Net.Shared\FontAwesome5.Net.Shared.shproj", "{00E5CD1E-13DE-49B7-A9FC-5E8082D48296}"
EndProject
Project("{FAE04EC0-301F-11D3-BF4B-00C04F79EFBC}") = "FontAwesome5.UWP.Pro", "FontAwesome5.UWP.Pro\FontAwesome5.UWP.Pro.csproj", "{B09E110F-587D-490E-AB01-9D85450C23AF}"
EndProject
Project("{9A19103F-16F7-4668-BE54-9A1E7A4F7556}") = "FontAwesome5.Net50.Example.Pro", "Examples\FontAwesome5.Net50.Example.Pro\FontAwesome5.Net50.Example.Pro.csproj", "{27EE4616-6AFC-4AF6-BD12-18C4CDA487A5}"
EndProject
Project("{FAE04EC0-301F-11D3-BF4B-00C04F79EFBC}") = "FontAwesome5.UWP.Example.Pro", "Examples\FontAwesome5.UWP.Example.Pro\FontAwesome5.UWP.Example.Pro.csproj", "{5016E0A4-2F15-4C9F-BCA3-A5D3558AA291}"
EndProject
Global
	GlobalSection(SharedMSBuildProjectFiles) = preSolution
		FontAwesome.Shared\FontAwesome.Shared.projitems*{2b93e38a-d9a7-4571-b906-174714aaf9e2}*SharedItemsImports = 5
		FontAwesome.Shared\FontAwesome.Shared.projitems*{2f36f2df-f8b2-49cb-91e7-e5c88e3a96d5}*SharedItemsImports = 13
		FontAwesome.Shared\FontAwesome.Shared.projitems*{3cecbbcf-74fa-4090-8872-2af06d8bde15}*SharedItemsImports = 5
		FontAwesome.Shared\FontAwesome.Shared.projitems*{3da649d8-590a-4bbd-8181-f01bc81748b7}*SharedItemsImports = 4
		FontAwesome5.UWP.Shared\FontAwesome5.UWP.Shared.projitems*{3da649d8-590a-4bbd-8181-f01bc81748b7}*SharedItemsImports = 4
		FontAwesome5.UWP.Shared\FontAwesome5.UWP.Shared.projitems*{968f7119-0d15-465a-b6e8-53a04bddf060}*SharedItemsImports = 13
		FontAwesome.Shared\FontAwesome.Shared.projitems*{b09e110f-587d-490e-ab01-9d85450c23af}*SharedItemsImports = 4
		FontAwesome5.UWP.Shared\FontAwesome5.UWP.Shared.projitems*{b09e110f-587d-490e-ab01-9d85450c23af}*SharedItemsImports = 4
	EndGlobalSection
	GlobalSection(SolutionConfigurationPlatforms) = preSolution
		Debug|Any CPU = Debug|Any CPU
		Debug|ARM = Debug|ARM
		Debug|ARM64 = Debug|ARM64
		Debug|x64 = Debug|x64
		Debug|x86 = Debug|x86
		FontAwesome Free Debug|Any CPU = FontAwesome Free Debug|Any CPU
		FontAwesome Free Debug|ARM = FontAwesome Free Debug|ARM
		FontAwesome Free Debug|ARM64 = FontAwesome Free Debug|ARM64
		FontAwesome Free Debug|x64 = FontAwesome Free Debug|x64
		FontAwesome Free Debug|x86 = FontAwesome Free Debug|x86
		FontAwesome Free Release|Any CPU = FontAwesome Free Release|Any CPU
		FontAwesome Free Release|ARM = FontAwesome Free Release|ARM
		FontAwesome Free Release|ARM64 = FontAwesome Free Release|ARM64
		FontAwesome Free Release|x64 = FontAwesome Free Release|x64
		FontAwesome Free Release|x86 = FontAwesome Free Release|x86
		FontAwesome Pro Debug|Any CPU = FontAwesome Pro Debug|Any CPU
		FontAwesome Pro Debug|ARM = FontAwesome Pro Debug|ARM
		FontAwesome Pro Debug|ARM64 = FontAwesome Pro Debug|ARM64
		FontAwesome Pro Debug|x64 = FontAwesome Pro Debug|x64
		FontAwesome Pro Debug|x86 = FontAwesome Pro Debug|x86
		FontAwesome Pro Release|Any CPU = FontAwesome Pro Release|Any CPU
		FontAwesome Pro Release|ARM = FontAwesome Pro Release|ARM
		FontAwesome Pro Release|ARM64 = FontAwesome Pro Release|ARM64
		FontAwesome Pro Release|x64 = FontAwesome Pro Release|x64
		FontAwesome Pro Release|x86 = FontAwesome Pro Release|x86
		Generator Debug|Any CPU = Generator Debug|Any CPU
		Generator Debug|ARM = Generator Debug|ARM
		Generator Debug|ARM64 = Generator Debug|ARM64
		Generator Debug|x64 = Generator Debug|x64
		Generator Debug|x86 = Generator Debug|x86
		Generator Release|Any CPU = Generator Release|Any CPU
		Generator Release|ARM = Generator Release|ARM
		Generator Release|ARM64 = Generator Release|ARM64
		Generator Release|x64 = Generator Release|x64
		Generator Release|x86 = Generator Release|x86
		Release|Any CPU = Release|Any CPU
		Release|ARM = Release|ARM
		Release|ARM64 = Release|ARM64
		Release|x64 = Release|x64
		Release|x86 = Release|x86
	EndGlobalSection
	GlobalSection(ProjectConfigurationPlatforms) = postSolution
		{C5B304E1-FA5C-4A51-A2F2-816EB2D2A888}.Debug|Any CPU.ActiveCfg = Debug|Any CPU
		{C5B304E1-FA5C-4A51-A2F2-816EB2D2A888}.Debug|Any CPU.Build.0 = Debug|Any CPU
		{C5B304E1-FA5C-4A51-A2F2-816EB2D2A888}.Debug|ARM.ActiveCfg = Debug|Any CPU
		{C5B304E1-FA5C-4A51-A2F2-816EB2D2A888}.Debug|ARM.Build.0 = Debug|Any CPU
		{C5B304E1-FA5C-4A51-A2F2-816EB2D2A888}.Debug|ARM64.ActiveCfg = Debug|Any CPU
		{C5B304E1-FA5C-4A51-A2F2-816EB2D2A888}.Debug|ARM64.Build.0 = Debug|Any CPU
		{C5B304E1-FA5C-4A51-A2F2-816EB2D2A888}.Debug|x64.ActiveCfg = Debug|Any CPU
		{C5B304E1-FA5C-4A51-A2F2-816EB2D2A888}.Debug|x64.Build.0 = Debug|Any CPU
		{C5B304E1-FA5C-4A51-A2F2-816EB2D2A888}.Debug|x86.ActiveCfg = Debug|Any CPU
		{C5B304E1-FA5C-4A51-A2F2-816EB2D2A888}.Debug|x86.Build.0 = Debug|Any CPU
		{C5B304E1-FA5C-4A51-A2F2-816EB2D2A888}.FontAwesome Free Debug|Any CPU.ActiveCfg = Debug|Any CPU
		{C5B304E1-FA5C-4A51-A2F2-816EB2D2A888}.FontAwesome Free Debug|Any CPU.Build.0 = Debug|Any CPU
		{C5B304E1-FA5C-4A51-A2F2-816EB2D2A888}.FontAwesome Free Debug|ARM.ActiveCfg = Debug|Any CPU
		{C5B304E1-FA5C-4A51-A2F2-816EB2D2A888}.FontAwesome Free Debug|ARM.Build.0 = Debug|Any CPU
		{C5B304E1-FA5C-4A51-A2F2-816EB2D2A888}.FontAwesome Free Debug|ARM64.ActiveCfg = Debug|Any CPU
		{C5B304E1-FA5C-4A51-A2F2-816EB2D2A888}.FontAwesome Free Debug|ARM64.Build.0 = Debug|Any CPU
		{C5B304E1-FA5C-4A51-A2F2-816EB2D2A888}.FontAwesome Free Debug|x64.ActiveCfg = Debug|Any CPU
		{C5B304E1-FA5C-4A51-A2F2-816EB2D2A888}.FontAwesome Free Debug|x64.Build.0 = Debug|Any CPU
		{C5B304E1-FA5C-4A51-A2F2-816EB2D2A888}.FontAwesome Free Debug|x86.ActiveCfg = Debug|Any CPU
		{C5B304E1-FA5C-4A51-A2F2-816EB2D2A888}.FontAwesome Free Debug|x86.Build.0 = Debug|Any CPU
		{C5B304E1-FA5C-4A51-A2F2-816EB2D2A888}.FontAwesome Free Release|Any CPU.ActiveCfg = Release|Any CPU
		{C5B304E1-FA5C-4A51-A2F2-816EB2D2A888}.FontAwesome Free Release|Any CPU.Build.0 = Release|Any CPU
		{C5B304E1-FA5C-4A51-A2F2-816EB2D2A888}.FontAwesome Free Release|ARM.ActiveCfg = Release|Any CPU
		{C5B304E1-FA5C-4A51-A2F2-816EB2D2A888}.FontAwesome Free Release|ARM.Build.0 = Release|Any CPU
		{C5B304E1-FA5C-4A51-A2F2-816EB2D2A888}.FontAwesome Free Release|ARM64.ActiveCfg = Release|Any CPU
		{C5B304E1-FA5C-4A51-A2F2-816EB2D2A888}.FontAwesome Free Release|ARM64.Build.0 = Release|Any CPU
		{C5B304E1-FA5C-4A51-A2F2-816EB2D2A888}.FontAwesome Free Release|x64.ActiveCfg = Release|Any CPU
		{C5B304E1-FA5C-4A51-A2F2-816EB2D2A888}.FontAwesome Free Release|x64.Build.0 = Release|Any CPU
		{C5B304E1-FA5C-4A51-A2F2-816EB2D2A888}.FontAwesome Free Release|x86.ActiveCfg = Release|Any CPU
		{C5B304E1-FA5C-4A51-A2F2-816EB2D2A888}.FontAwesome Free Release|x86.Build.0 = Release|Any CPU
		{C5B304E1-FA5C-4A51-A2F2-816EB2D2A888}.FontAwesome Pro Debug|Any CPU.ActiveCfg = FontAwesome Pro Debug|Any CPU
		{C5B304E1-FA5C-4A51-A2F2-816EB2D2A888}.FontAwesome Pro Debug|Any CPU.Build.0 = FontAwesome Pro Debug|Any CPU
		{C5B304E1-FA5C-4A51-A2F2-816EB2D2A888}.FontAwesome Pro Debug|ARM.ActiveCfg = Debug|Any CPU
		{C5B304E1-FA5C-4A51-A2F2-816EB2D2A888}.FontAwesome Pro Debug|ARM.Build.0 = Debug|Any CPU
		{C5B304E1-FA5C-4A51-A2F2-816EB2D2A888}.FontAwesome Pro Debug|ARM64.ActiveCfg = Debug|Any CPU
		{C5B304E1-FA5C-4A51-A2F2-816EB2D2A888}.FontAwesome Pro Debug|ARM64.Build.0 = Debug|Any CPU
		{C5B304E1-FA5C-4A51-A2F2-816EB2D2A888}.FontAwesome Pro Debug|x64.ActiveCfg = Debug|Any CPU
		{C5B304E1-FA5C-4A51-A2F2-816EB2D2A888}.FontAwesome Pro Debug|x64.Build.0 = Debug|Any CPU
		{C5B304E1-FA5C-4A51-A2F2-816EB2D2A888}.FontAwesome Pro Debug|x86.ActiveCfg = Debug|Any CPU
		{C5B304E1-FA5C-4A51-A2F2-816EB2D2A888}.FontAwesome Pro Debug|x86.Build.0 = Debug|Any CPU
		{C5B304E1-FA5C-4A51-A2F2-816EB2D2A888}.FontAwesome Pro Release|Any CPU.ActiveCfg = FontAwesome Pro Release|Any CPU
		{C5B304E1-FA5C-4A51-A2F2-816EB2D2A888}.FontAwesome Pro Release|Any CPU.Build.0 = FontAwesome Pro Release|Any CPU
		{C5B304E1-FA5C-4A51-A2F2-816EB2D2A888}.FontAwesome Pro Release|ARM.ActiveCfg = Release|Any CPU
		{C5B304E1-FA5C-4A51-A2F2-816EB2D2A888}.FontAwesome Pro Release|ARM.Build.0 = Release|Any CPU
		{C5B304E1-FA5C-4A51-A2F2-816EB2D2A888}.FontAwesome Pro Release|ARM64.ActiveCfg = Release|Any CPU
		{C5B304E1-FA5C-4A51-A2F2-816EB2D2A888}.FontAwesome Pro Release|ARM64.Build.0 = Release|Any CPU
		{C5B304E1-FA5C-4A51-A2F2-816EB2D2A888}.FontAwesome Pro Release|x64.ActiveCfg = Release|Any CPU
		{C5B304E1-FA5C-4A51-A2F2-816EB2D2A888}.FontAwesome Pro Release|x64.Build.0 = Release|Any CPU
		{C5B304E1-FA5C-4A51-A2F2-816EB2D2A888}.FontAwesome Pro Release|x86.ActiveCfg = Release|Any CPU
		{C5B304E1-FA5C-4A51-A2F2-816EB2D2A888}.FontAwesome Pro Release|x86.Build.0 = Release|Any CPU
		{C5B304E1-FA5C-4A51-A2F2-816EB2D2A888}.Generator Debug|Any CPU.ActiveCfg = Debug|Any CPU
		{C5B304E1-FA5C-4A51-A2F2-816EB2D2A888}.Generator Debug|ARM.ActiveCfg = Debug|Any CPU
		{C5B304E1-FA5C-4A51-A2F2-816EB2D2A888}.Generator Debug|ARM.Build.0 = Debug|Any CPU
		{C5B304E1-FA5C-4A51-A2F2-816EB2D2A888}.Generator Debug|ARM64.ActiveCfg = Debug|Any CPU
		{C5B304E1-FA5C-4A51-A2F2-816EB2D2A888}.Generator Debug|ARM64.Build.0 = Debug|Any CPU
		{C5B304E1-FA5C-4A51-A2F2-816EB2D2A888}.Generator Debug|x64.ActiveCfg = Debug|Any CPU
		{C5B304E1-FA5C-4A51-A2F2-816EB2D2A888}.Generator Debug|x64.Build.0 = Debug|Any CPU
		{C5B304E1-FA5C-4A51-A2F2-816EB2D2A888}.Generator Debug|x86.ActiveCfg = Debug|Any CPU
		{C5B304E1-FA5C-4A51-A2F2-816EB2D2A888}.Generator Debug|x86.Build.0 = Debug|Any CPU
		{C5B304E1-FA5C-4A51-A2F2-816EB2D2A888}.Generator Release|Any CPU.ActiveCfg = Debug|Any CPU
		{C5B304E1-FA5C-4A51-A2F2-816EB2D2A888}.Generator Release|ARM.ActiveCfg = Debug|Any CPU
		{C5B304E1-FA5C-4A51-A2F2-816EB2D2A888}.Generator Release|ARM.Build.0 = Debug|Any CPU
		{C5B304E1-FA5C-4A51-A2F2-816EB2D2A888}.Generator Release|ARM64.ActiveCfg = Debug|Any CPU
		{C5B304E1-FA5C-4A51-A2F2-816EB2D2A888}.Generator Release|ARM64.Build.0 = Debug|Any CPU
		{C5B304E1-FA5C-4A51-A2F2-816EB2D2A888}.Generator Release|x64.ActiveCfg = Debug|Any CPU
		{C5B304E1-FA5C-4A51-A2F2-816EB2D2A888}.Generator Release|x64.Build.0 = Debug|Any CPU
		{C5B304E1-FA5C-4A51-A2F2-816EB2D2A888}.Generator Release|x86.ActiveCfg = Debug|Any CPU
		{C5B304E1-FA5C-4A51-A2F2-816EB2D2A888}.Generator Release|x86.Build.0 = Debug|Any CPU
		{C5B304E1-FA5C-4A51-A2F2-816EB2D2A888}.Release|Any CPU.ActiveCfg = Release|Any CPU
		{C5B304E1-FA5C-4A51-A2F2-816EB2D2A888}.Release|Any CPU.Build.0 = Release|Any CPU
		{C5B304E1-FA5C-4A51-A2F2-816EB2D2A888}.Release|ARM.ActiveCfg = Release|Any CPU
		{C5B304E1-FA5C-4A51-A2F2-816EB2D2A888}.Release|ARM.Build.0 = Release|Any CPU
		{C5B304E1-FA5C-4A51-A2F2-816EB2D2A888}.Release|ARM64.ActiveCfg = Release|Any CPU
		{C5B304E1-FA5C-4A51-A2F2-816EB2D2A888}.Release|ARM64.Build.0 = Release|Any CPU
		{C5B304E1-FA5C-4A51-A2F2-816EB2D2A888}.Release|x64.ActiveCfg = Release|Any CPU
		{C5B304E1-FA5C-4A51-A2F2-816EB2D2A888}.Release|x64.Build.0 = Release|Any CPU
		{C5B304E1-FA5C-4A51-A2F2-816EB2D2A888}.Release|x86.ActiveCfg = Release|Any CPU
		{C5B304E1-FA5C-4A51-A2F2-816EB2D2A888}.Release|x86.Build.0 = Release|Any CPU
		{36BAF672-62DD-46A9-B6E6-1F3B0AA0D84B}.Debug|Any CPU.ActiveCfg = Debug|Any CPU
		{36BAF672-62DD-46A9-B6E6-1F3B0AA0D84B}.Debug|Any CPU.Build.0 = Debug|Any CPU
		{36BAF672-62DD-46A9-B6E6-1F3B0AA0D84B}.Debug|ARM.ActiveCfg = Debug|Any CPU
		{36BAF672-62DD-46A9-B6E6-1F3B0AA0D84B}.Debug|ARM.Build.0 = Debug|Any CPU
		{36BAF672-62DD-46A9-B6E6-1F3B0AA0D84B}.Debug|ARM64.ActiveCfg = Debug|Any CPU
		{36BAF672-62DD-46A9-B6E6-1F3B0AA0D84B}.Debug|ARM64.Build.0 = Debug|Any CPU
		{36BAF672-62DD-46A9-B6E6-1F3B0AA0D84B}.Debug|x64.ActiveCfg = Debug|Any CPU
		{36BAF672-62DD-46A9-B6E6-1F3B0AA0D84B}.Debug|x64.Build.0 = Debug|Any CPU
		{36BAF672-62DD-46A9-B6E6-1F3B0AA0D84B}.Debug|x86.ActiveCfg = Debug|Any CPU
		{36BAF672-62DD-46A9-B6E6-1F3B0AA0D84B}.Debug|x86.Build.0 = Debug|Any CPU
		{36BAF672-62DD-46A9-B6E6-1F3B0AA0D84B}.FontAwesome Free Debug|Any CPU.ActiveCfg = Debug|Any CPU
		{36BAF672-62DD-46A9-B6E6-1F3B0AA0D84B}.FontAwesome Free Debug|ARM.ActiveCfg = Debug|Any CPU
		{36BAF672-62DD-46A9-B6E6-1F3B0AA0D84B}.FontAwesome Free Debug|ARM.Build.0 = Debug|Any CPU
		{36BAF672-62DD-46A9-B6E6-1F3B0AA0D84B}.FontAwesome Free Debug|ARM64.ActiveCfg = Debug|Any CPU
		{36BAF672-62DD-46A9-B6E6-1F3B0AA0D84B}.FontAwesome Free Debug|ARM64.Build.0 = Debug|Any CPU
		{36BAF672-62DD-46A9-B6E6-1F3B0AA0D84B}.FontAwesome Free Debug|x64.ActiveCfg = Debug|Any CPU
		{36BAF672-62DD-46A9-B6E6-1F3B0AA0D84B}.FontAwesome Free Debug|x64.Build.0 = Debug|Any CPU
		{36BAF672-62DD-46A9-B6E6-1F3B0AA0D84B}.FontAwesome Free Debug|x86.ActiveCfg = Debug|Any CPU
		{36BAF672-62DD-46A9-B6E6-1F3B0AA0D84B}.FontAwesome Free Debug|x86.Build.0 = Debug|Any CPU
		{36BAF672-62DD-46A9-B6E6-1F3B0AA0D84B}.FontAwesome Free Release|Any CPU.ActiveCfg = Release|Any CPU
		{36BAF672-62DD-46A9-B6E6-1F3B0AA0D84B}.FontAwesome Free Release|ARM.ActiveCfg = Release|Any CPU
		{36BAF672-62DD-46A9-B6E6-1F3B0AA0D84B}.FontAwesome Free Release|ARM.Build.0 = Release|Any CPU
		{36BAF672-62DD-46A9-B6E6-1F3B0AA0D84B}.FontAwesome Free Release|ARM64.ActiveCfg = Release|Any CPU
		{36BAF672-62DD-46A9-B6E6-1F3B0AA0D84B}.FontAwesome Free Release|ARM64.Build.0 = Release|Any CPU
		{36BAF672-62DD-46A9-B6E6-1F3B0AA0D84B}.FontAwesome Free Release|x64.ActiveCfg = Release|Any CPU
		{36BAF672-62DD-46A9-B6E6-1F3B0AA0D84B}.FontAwesome Free Release|x64.Build.0 = Release|Any CPU
		{36BAF672-62DD-46A9-B6E6-1F3B0AA0D84B}.FontAwesome Free Release|x86.ActiveCfg = Release|Any CPU
		{36BAF672-62DD-46A9-B6E6-1F3B0AA0D84B}.FontAwesome Free Release|x86.Build.0 = Release|Any CPU
		{36BAF672-62DD-46A9-B6E6-1F3B0AA0D84B}.FontAwesome Pro Debug|Any CPU.ActiveCfg = Debug|Any CPU
		{36BAF672-62DD-46A9-B6E6-1F3B0AA0D84B}.FontAwesome Pro Debug|ARM.ActiveCfg = Debug|Any CPU
		{36BAF672-62DD-46A9-B6E6-1F3B0AA0D84B}.FontAwesome Pro Debug|ARM.Build.0 = Debug|Any CPU
		{36BAF672-62DD-46A9-B6E6-1F3B0AA0D84B}.FontAwesome Pro Debug|ARM64.ActiveCfg = Debug|Any CPU
		{36BAF672-62DD-46A9-B6E6-1F3B0AA0D84B}.FontAwesome Pro Debug|ARM64.Build.0 = Debug|Any CPU
		{36BAF672-62DD-46A9-B6E6-1F3B0AA0D84B}.FontAwesome Pro Debug|x64.ActiveCfg = Debug|Any CPU
		{36BAF672-62DD-46A9-B6E6-1F3B0AA0D84B}.FontAwesome Pro Debug|x64.Build.0 = Debug|Any CPU
		{36BAF672-62DD-46A9-B6E6-1F3B0AA0D84B}.FontAwesome Pro Debug|x86.ActiveCfg = Debug|Any CPU
		{36BAF672-62DD-46A9-B6E6-1F3B0AA0D84B}.FontAwesome Pro Debug|x86.Build.0 = Debug|Any CPU
		{36BAF672-62DD-46A9-B6E6-1F3B0AA0D84B}.FontAwesome Pro Release|Any CPU.ActiveCfg = Release|Any CPU
		{36BAF672-62DD-46A9-B6E6-1F3B0AA0D84B}.FontAwesome Pro Release|ARM.ActiveCfg = Release|Any CPU
		{36BAF672-62DD-46A9-B6E6-1F3B0AA0D84B}.FontAwesome Pro Release|ARM.Build.0 = Release|Any CPU
		{36BAF672-62DD-46A9-B6E6-1F3B0AA0D84B}.FontAwesome Pro Release|ARM64.ActiveCfg = Release|Any CPU
		{36BAF672-62DD-46A9-B6E6-1F3B0AA0D84B}.FontAwesome Pro Release|ARM64.Build.0 = Release|Any CPU
		{36BAF672-62DD-46A9-B6E6-1F3B0AA0D84B}.FontAwesome Pro Release|x64.ActiveCfg = Release|Any CPU
		{36BAF672-62DD-46A9-B6E6-1F3B0AA0D84B}.FontAwesome Pro Release|x64.Build.0 = Release|Any CPU
		{36BAF672-62DD-46A9-B6E6-1F3B0AA0D84B}.FontAwesome Pro Release|x86.ActiveCfg = Release|Any CPU
		{36BAF672-62DD-46A9-B6E6-1F3B0AA0D84B}.FontAwesome Pro Release|x86.Build.0 = Release|Any CPU
		{36BAF672-62DD-46A9-B6E6-1F3B0AA0D84B}.Generator Debug|Any CPU.ActiveCfg = Debug|Any CPU
		{36BAF672-62DD-46A9-B6E6-1F3B0AA0D84B}.Generator Debug|Any CPU.Build.0 = Debug|Any CPU
		{36BAF672-62DD-46A9-B6E6-1F3B0AA0D84B}.Generator Debug|ARM.ActiveCfg = Debug|Any CPU
		{36BAF672-62DD-46A9-B6E6-1F3B0AA0D84B}.Generator Debug|ARM.Build.0 = Debug|Any CPU
		{36BAF672-62DD-46A9-B6E6-1F3B0AA0D84B}.Generator Debug|ARM64.ActiveCfg = Debug|Any CPU
		{36BAF672-62DD-46A9-B6E6-1F3B0AA0D84B}.Generator Debug|ARM64.Build.0 = Debug|Any CPU
		{36BAF672-62DD-46A9-B6E6-1F3B0AA0D84B}.Generator Debug|x64.ActiveCfg = Debug|Any CPU
		{36BAF672-62DD-46A9-B6E6-1F3B0AA0D84B}.Generator Debug|x64.Build.0 = Debug|Any CPU
		{36BAF672-62DD-46A9-B6E6-1F3B0AA0D84B}.Generator Debug|x86.ActiveCfg = Debug|Any CPU
		{36BAF672-62DD-46A9-B6E6-1F3B0AA0D84B}.Generator Debug|x86.Build.0 = Debug|Any CPU
		{36BAF672-62DD-46A9-B6E6-1F3B0AA0D84B}.Generator Release|Any CPU.ActiveCfg = Release|Any CPU
		{36BAF672-62DD-46A9-B6E6-1F3B0AA0D84B}.Generator Release|Any CPU.Build.0 = Release|Any CPU
		{36BAF672-62DD-46A9-B6E6-1F3B0AA0D84B}.Generator Release|ARM.ActiveCfg = Debug|Any CPU
		{36BAF672-62DD-46A9-B6E6-1F3B0AA0D84B}.Generator Release|ARM.Build.0 = Debug|Any CPU
		{36BAF672-62DD-46A9-B6E6-1F3B0AA0D84B}.Generator Release|ARM64.ActiveCfg = Debug|Any CPU
		{36BAF672-62DD-46A9-B6E6-1F3B0AA0D84B}.Generator Release|ARM64.Build.0 = Debug|Any CPU
		{36BAF672-62DD-46A9-B6E6-1F3B0AA0D84B}.Generator Release|x64.ActiveCfg = Debug|Any CPU
		{36BAF672-62DD-46A9-B6E6-1F3B0AA0D84B}.Generator Release|x64.Build.0 = Debug|Any CPU
		{36BAF672-62DD-46A9-B6E6-1F3B0AA0D84B}.Generator Release|x86.ActiveCfg = Debug|Any CPU
		{36BAF672-62DD-46A9-B6E6-1F3B0AA0D84B}.Generator Release|x86.Build.0 = Debug|Any CPU
		{36BAF672-62DD-46A9-B6E6-1F3B0AA0D84B}.Release|Any CPU.ActiveCfg = Release|Any CPU
		{36BAF672-62DD-46A9-B6E6-1F3B0AA0D84B}.Release|Any CPU.Build.0 = Release|Any CPU
		{36BAF672-62DD-46A9-B6E6-1F3B0AA0D84B}.Release|ARM.ActiveCfg = Release|Any CPU
		{36BAF672-62DD-46A9-B6E6-1F3B0AA0D84B}.Release|ARM.Build.0 = Release|Any CPU
		{36BAF672-62DD-46A9-B6E6-1F3B0AA0D84B}.Release|ARM64.ActiveCfg = Release|Any CPU
		{36BAF672-62DD-46A9-B6E6-1F3B0AA0D84B}.Release|ARM64.Build.0 = Release|Any CPU
		{36BAF672-62DD-46A9-B6E6-1F3B0AA0D84B}.Release|x64.ActiveCfg = Release|Any CPU
		{36BAF672-62DD-46A9-B6E6-1F3B0AA0D84B}.Release|x64.Build.0 = Release|Any CPU
		{36BAF672-62DD-46A9-B6E6-1F3B0AA0D84B}.Release|x86.ActiveCfg = Release|Any CPU
		{36BAF672-62DD-46A9-B6E6-1F3B0AA0D84B}.Release|x86.Build.0 = Release|Any CPU
		{3DA649D8-590A-4BBD-8181-F01BC81748B7}.Debug|Any CPU.ActiveCfg = Debug|Any CPU
		{3DA649D8-590A-4BBD-8181-F01BC81748B7}.Debug|Any CPU.Build.0 = Debug|Any CPU
		{3DA649D8-590A-4BBD-8181-F01BC81748B7}.Debug|ARM.ActiveCfg = Debug|ARM
		{3DA649D8-590A-4BBD-8181-F01BC81748B7}.Debug|ARM.Build.0 = Debug|ARM
		{3DA649D8-590A-4BBD-8181-F01BC81748B7}.Debug|ARM64.ActiveCfg = Debug|ARM64
		{3DA649D8-590A-4BBD-8181-F01BC81748B7}.Debug|ARM64.Build.0 = Debug|ARM64
		{3DA649D8-590A-4BBD-8181-F01BC81748B7}.Debug|x64.ActiveCfg = Debug|x64
		{3DA649D8-590A-4BBD-8181-F01BC81748B7}.Debug|x64.Build.0 = Debug|x64
		{3DA649D8-590A-4BBD-8181-F01BC81748B7}.Debug|x86.ActiveCfg = Debug|x86
		{3DA649D8-590A-4BBD-8181-F01BC81748B7}.Debug|x86.Build.0 = Debug|x86
		{3DA649D8-590A-4BBD-8181-F01BC81748B7}.FontAwesome Free Debug|Any CPU.ActiveCfg = Debug|Any CPU
		{3DA649D8-590A-4BBD-8181-F01BC81748B7}.FontAwesome Free Debug|Any CPU.Build.0 = Debug|Any CPU
		{3DA649D8-590A-4BBD-8181-F01BC81748B7}.FontAwesome Free Debug|ARM.ActiveCfg = Debug|ARM
		{3DA649D8-590A-4BBD-8181-F01BC81748B7}.FontAwesome Free Debug|ARM.Build.0 = Debug|ARM
		{3DA649D8-590A-4BBD-8181-F01BC81748B7}.FontAwesome Free Debug|ARM64.ActiveCfg = Debug|Any CPU
		{3DA649D8-590A-4BBD-8181-F01BC81748B7}.FontAwesome Free Debug|x64.ActiveCfg = Debug|x64
		{3DA649D8-590A-4BBD-8181-F01BC81748B7}.FontAwesome Free Debug|x64.Build.0 = Debug|x64
		{3DA649D8-590A-4BBD-8181-F01BC81748B7}.FontAwesome Free Debug|x86.ActiveCfg = Debug|x86
		{3DA649D8-590A-4BBD-8181-F01BC81748B7}.FontAwesome Free Debug|x86.Build.0 = Debug|x86
		{3DA649D8-590A-4BBD-8181-F01BC81748B7}.FontAwesome Free Release|Any CPU.ActiveCfg = Release|Any CPU
		{3DA649D8-590A-4BBD-8181-F01BC81748B7}.FontAwesome Free Release|Any CPU.Build.0 = Release|Any CPU
		{3DA649D8-590A-4BBD-8181-F01BC81748B7}.FontAwesome Free Release|ARM.ActiveCfg = Release|ARM
		{3DA649D8-590A-4BBD-8181-F01BC81748B7}.FontAwesome Free Release|ARM.Build.0 = Release|ARM
		{3DA649D8-590A-4BBD-8181-F01BC81748B7}.FontAwesome Free Release|ARM64.ActiveCfg = Release|Any CPU
		{3DA649D8-590A-4BBD-8181-F01BC81748B7}.FontAwesome Free Release|x64.ActiveCfg = Release|x64
		{3DA649D8-590A-4BBD-8181-F01BC81748B7}.FontAwesome Free Release|x64.Build.0 = Release|x64
		{3DA649D8-590A-4BBD-8181-F01BC81748B7}.FontAwesome Free Release|x86.ActiveCfg = Release|x86
		{3DA649D8-590A-4BBD-8181-F01BC81748B7}.FontAwesome Free Release|x86.Build.0 = Release|x86
		{3DA649D8-590A-4BBD-8181-F01BC81748B7}.FontAwesome Pro Debug|Any CPU.ActiveCfg = Debug|Any CPU
		{3DA649D8-590A-4BBD-8181-F01BC81748B7}.FontAwesome Pro Debug|ARM.ActiveCfg = Debug|ARM
		{3DA649D8-590A-4BBD-8181-F01BC81748B7}.FontAwesome Pro Debug|ARM.Build.0 = Debug|ARM
		{3DA649D8-590A-4BBD-8181-F01BC81748B7}.FontAwesome Pro Debug|ARM64.ActiveCfg = Debug|Any CPU
		{3DA649D8-590A-4BBD-8181-F01BC81748B7}.FontAwesome Pro Debug|x64.ActiveCfg = Debug|x64
		{3DA649D8-590A-4BBD-8181-F01BC81748B7}.FontAwesome Pro Debug|x64.Build.0 = Debug|x64
		{3DA649D8-590A-4BBD-8181-F01BC81748B7}.FontAwesome Pro Debug|x86.ActiveCfg = Debug|x86
		{3DA649D8-590A-4BBD-8181-F01BC81748B7}.FontAwesome Pro Debug|x86.Build.0 = Debug|x86
		{3DA649D8-590A-4BBD-8181-F01BC81748B7}.FontAwesome Pro Release|Any CPU.ActiveCfg = Release|Any CPU
		{3DA649D8-590A-4BBD-8181-F01BC81748B7}.FontAwesome Pro Release|ARM.ActiveCfg = Release|ARM
		{3DA649D8-590A-4BBD-8181-F01BC81748B7}.FontAwesome Pro Release|ARM.Build.0 = Release|ARM
		{3DA649D8-590A-4BBD-8181-F01BC81748B7}.FontAwesome Pro Release|ARM64.ActiveCfg = Release|Any CPU
		{3DA649D8-590A-4BBD-8181-F01BC81748B7}.FontAwesome Pro Release|x64.ActiveCfg = Release|x64
		{3DA649D8-590A-4BBD-8181-F01BC81748B7}.FontAwesome Pro Release|x64.Build.0 = Release|x64
		{3DA649D8-590A-4BBD-8181-F01BC81748B7}.FontAwesome Pro Release|x86.ActiveCfg = Release|x86
		{3DA649D8-590A-4BBD-8181-F01BC81748B7}.FontAwesome Pro Release|x86.Build.0 = Release|x86
		{3DA649D8-590A-4BBD-8181-F01BC81748B7}.Generator Debug|Any CPU.ActiveCfg = Debug|Any CPU
		{3DA649D8-590A-4BBD-8181-F01BC81748B7}.Generator Debug|ARM.ActiveCfg = Debug|ARM
		{3DA649D8-590A-4BBD-8181-F01BC81748B7}.Generator Debug|ARM.Build.0 = Debug|ARM
		{3DA649D8-590A-4BBD-8181-F01BC81748B7}.Generator Debug|ARM64.ActiveCfg = Debug|Any CPU
		{3DA649D8-590A-4BBD-8181-F01BC81748B7}.Generator Debug|x64.ActiveCfg = Debug|x64
		{3DA649D8-590A-4BBD-8181-F01BC81748B7}.Generator Debug|x64.Build.0 = Debug|x64
		{3DA649D8-590A-4BBD-8181-F01BC81748B7}.Generator Debug|x86.ActiveCfg = Debug|x86
		{3DA649D8-590A-4BBD-8181-F01BC81748B7}.Generator Debug|x86.Build.0 = Debug|x86
		{3DA649D8-590A-4BBD-8181-F01BC81748B7}.Generator Release|Any CPU.ActiveCfg = Debug|Any CPU
		{3DA649D8-590A-4BBD-8181-F01BC81748B7}.Generator Release|ARM.ActiveCfg = Debug|ARM
		{3DA649D8-590A-4BBD-8181-F01BC81748B7}.Generator Release|ARM.Build.0 = Debug|ARM
		{3DA649D8-590A-4BBD-8181-F01BC81748B7}.Generator Release|ARM64.ActiveCfg = Debug|Any CPU
		{3DA649D8-590A-4BBD-8181-F01BC81748B7}.Generator Release|x64.ActiveCfg = Debug|x64
		{3DA649D8-590A-4BBD-8181-F01BC81748B7}.Generator Release|x64.Build.0 = Debug|x64
		{3DA649D8-590A-4BBD-8181-F01BC81748B7}.Generator Release|x86.ActiveCfg = Debug|x86
		{3DA649D8-590A-4BBD-8181-F01BC81748B7}.Generator Release|x86.Build.0 = Debug|x86
		{3DA649D8-590A-4BBD-8181-F01BC81748B7}.Release|Any CPU.ActiveCfg = Release|Any CPU
		{3DA649D8-590A-4BBD-8181-F01BC81748B7}.Release|Any CPU.Build.0 = Release|Any CPU
		{3DA649D8-590A-4BBD-8181-F01BC81748B7}.Release|ARM.ActiveCfg = Release|ARM
		{3DA649D8-590A-4BBD-8181-F01BC81748B7}.Release|ARM.Build.0 = Release|ARM
		{3DA649D8-590A-4BBD-8181-F01BC81748B7}.Release|ARM64.ActiveCfg = Release|ARM64
		{3DA649D8-590A-4BBD-8181-F01BC81748B7}.Release|ARM64.Build.0 = Release|ARM64
		{3DA649D8-590A-4BBD-8181-F01BC81748B7}.Release|x64.ActiveCfg = Release|x64
		{3DA649D8-590A-4BBD-8181-F01BC81748B7}.Release|x64.Build.0 = Release|x64
		{3DA649D8-590A-4BBD-8181-F01BC81748B7}.Release|x86.ActiveCfg = Release|x86
		{3DA649D8-590A-4BBD-8181-F01BC81748B7}.Release|x86.Build.0 = Release|x86
		{3CECBBCF-74FA-4090-8872-2AF06D8BDE15}.Debug|Any CPU.ActiveCfg = Debug|Any CPU
		{3CECBBCF-74FA-4090-8872-2AF06D8BDE15}.Debug|Any CPU.Build.0 = Debug|Any CPU
		{3CECBBCF-74FA-4090-8872-2AF06D8BDE15}.Debug|ARM.ActiveCfg = Debug|Any CPU
		{3CECBBCF-74FA-4090-8872-2AF06D8BDE15}.Debug|ARM.Build.0 = Debug|Any CPU
		{3CECBBCF-74FA-4090-8872-2AF06D8BDE15}.Debug|ARM64.ActiveCfg = Debug|Any CPU
		{3CECBBCF-74FA-4090-8872-2AF06D8BDE15}.Debug|ARM64.Build.0 = Debug|Any CPU
		{3CECBBCF-74FA-4090-8872-2AF06D8BDE15}.Debug|x64.ActiveCfg = Debug|Any CPU
		{3CECBBCF-74FA-4090-8872-2AF06D8BDE15}.Debug|x64.Build.0 = Debug|Any CPU
		{3CECBBCF-74FA-4090-8872-2AF06D8BDE15}.Debug|x86.ActiveCfg = Debug|Any CPU
		{3CECBBCF-74FA-4090-8872-2AF06D8BDE15}.Debug|x86.Build.0 = Debug|Any CPU
		{3CECBBCF-74FA-4090-8872-2AF06D8BDE15}.FontAwesome Free Debug|Any CPU.ActiveCfg = Debug|Any CPU
		{3CECBBCF-74FA-4090-8872-2AF06D8BDE15}.FontAwesome Free Debug|Any CPU.Build.0 = Debug|Any CPU
		{3CECBBCF-74FA-4090-8872-2AF06D8BDE15}.FontAwesome Free Debug|ARM.ActiveCfg = Debug|Any CPU
		{3CECBBCF-74FA-4090-8872-2AF06D8BDE15}.FontAwesome Free Debug|ARM.Build.0 = Debug|Any CPU
		{3CECBBCF-74FA-4090-8872-2AF06D8BDE15}.FontAwesome Free Debug|ARM64.ActiveCfg = Debug|Any CPU
		{3CECBBCF-74FA-4090-8872-2AF06D8BDE15}.FontAwesome Free Debug|ARM64.Build.0 = Debug|Any CPU
		{3CECBBCF-74FA-4090-8872-2AF06D8BDE15}.FontAwesome Free Debug|x64.ActiveCfg = Debug|Any CPU
		{3CECBBCF-74FA-4090-8872-2AF06D8BDE15}.FontAwesome Free Debug|x64.Build.0 = Debug|Any CPU
		{3CECBBCF-74FA-4090-8872-2AF06D8BDE15}.FontAwesome Free Debug|x86.ActiveCfg = Debug|Any CPU
		{3CECBBCF-74FA-4090-8872-2AF06D8BDE15}.FontAwesome Free Debug|x86.Build.0 = Debug|Any CPU
		{3CECBBCF-74FA-4090-8872-2AF06D8BDE15}.FontAwesome Free Release|Any CPU.ActiveCfg = Release|Any CPU
		{3CECBBCF-74FA-4090-8872-2AF06D8BDE15}.FontAwesome Free Release|Any CPU.Build.0 = Release|Any CPU
		{3CECBBCF-74FA-4090-8872-2AF06D8BDE15}.FontAwesome Free Release|ARM.ActiveCfg = Release|Any CPU
		{3CECBBCF-74FA-4090-8872-2AF06D8BDE15}.FontAwesome Free Release|ARM.Build.0 = Release|Any CPU
		{3CECBBCF-74FA-4090-8872-2AF06D8BDE15}.FontAwesome Free Release|ARM64.ActiveCfg = Release|Any CPU
		{3CECBBCF-74FA-4090-8872-2AF06D8BDE15}.FontAwesome Free Release|ARM64.Build.0 = Release|Any CPU
		{3CECBBCF-74FA-4090-8872-2AF06D8BDE15}.FontAwesome Free Release|x64.ActiveCfg = Release|Any CPU
		{3CECBBCF-74FA-4090-8872-2AF06D8BDE15}.FontAwesome Free Release|x64.Build.0 = Release|Any CPU
		{3CECBBCF-74FA-4090-8872-2AF06D8BDE15}.FontAwesome Free Release|x86.ActiveCfg = Release|Any CPU
		{3CECBBCF-74FA-4090-8872-2AF06D8BDE15}.FontAwesome Free Release|x86.Build.0 = Release|Any CPU
		{3CECBBCF-74FA-4090-8872-2AF06D8BDE15}.FontAwesome Pro Debug|Any CPU.ActiveCfg = Debug|Any CPU
		{3CECBBCF-74FA-4090-8872-2AF06D8BDE15}.FontAwesome Pro Debug|ARM.ActiveCfg = Debug|Any CPU
		{3CECBBCF-74FA-4090-8872-2AF06D8BDE15}.FontAwesome Pro Debug|ARM.Build.0 = Debug|Any CPU
		{3CECBBCF-74FA-4090-8872-2AF06D8BDE15}.FontAwesome Pro Debug|ARM64.ActiveCfg = Debug|Any CPU
		{3CECBBCF-74FA-4090-8872-2AF06D8BDE15}.FontAwesome Pro Debug|ARM64.Build.0 = Debug|Any CPU
		{3CECBBCF-74FA-4090-8872-2AF06D8BDE15}.FontAwesome Pro Debug|x64.ActiveCfg = Debug|Any CPU
		{3CECBBCF-74FA-4090-8872-2AF06D8BDE15}.FontAwesome Pro Debug|x64.Build.0 = Debug|Any CPU
		{3CECBBCF-74FA-4090-8872-2AF06D8BDE15}.FontAwesome Pro Debug|x86.ActiveCfg = Debug|Any CPU
		{3CECBBCF-74FA-4090-8872-2AF06D8BDE15}.FontAwesome Pro Debug|x86.Build.0 = Debug|Any CPU
		{3CECBBCF-74FA-4090-8872-2AF06D8BDE15}.FontAwesome Pro Release|Any CPU.ActiveCfg = Release|Any CPU
		{3CECBBCF-74FA-4090-8872-2AF06D8BDE15}.FontAwesome Pro Release|ARM.ActiveCfg = Release|Any CPU
		{3CECBBCF-74FA-4090-8872-2AF06D8BDE15}.FontAwesome Pro Release|ARM.Build.0 = Release|Any CPU
		{3CECBBCF-74FA-4090-8872-2AF06D8BDE15}.FontAwesome Pro Release|ARM64.ActiveCfg = Release|Any CPU
		{3CECBBCF-74FA-4090-8872-2AF06D8BDE15}.FontAwesome Pro Release|ARM64.Build.0 = Release|Any CPU
		{3CECBBCF-74FA-4090-8872-2AF06D8BDE15}.FontAwesome Pro Release|x64.ActiveCfg = Release|Any CPU
		{3CECBBCF-74FA-4090-8872-2AF06D8BDE15}.FontAwesome Pro Release|x64.Build.0 = Release|Any CPU
		{3CECBBCF-74FA-4090-8872-2AF06D8BDE15}.FontAwesome Pro Release|x86.ActiveCfg = Release|Any CPU
		{3CECBBCF-74FA-4090-8872-2AF06D8BDE15}.FontAwesome Pro Release|x86.Build.0 = Release|Any CPU
		{3CECBBCF-74FA-4090-8872-2AF06D8BDE15}.Generator Debug|Any CPU.ActiveCfg = Debug|Any CPU
		{3CECBBCF-74FA-4090-8872-2AF06D8BDE15}.Generator Debug|ARM.ActiveCfg = Debug|Any CPU
		{3CECBBCF-74FA-4090-8872-2AF06D8BDE15}.Generator Debug|ARM.Build.0 = Debug|Any CPU
		{3CECBBCF-74FA-4090-8872-2AF06D8BDE15}.Generator Debug|ARM64.ActiveCfg = Debug|Any CPU
		{3CECBBCF-74FA-4090-8872-2AF06D8BDE15}.Generator Debug|ARM64.Build.0 = Debug|Any CPU
		{3CECBBCF-74FA-4090-8872-2AF06D8BDE15}.Generator Debug|x64.ActiveCfg = Debug|Any CPU
		{3CECBBCF-74FA-4090-8872-2AF06D8BDE15}.Generator Debug|x64.Build.0 = Debug|Any CPU
		{3CECBBCF-74FA-4090-8872-2AF06D8BDE15}.Generator Debug|x86.ActiveCfg = Debug|Any CPU
		{3CECBBCF-74FA-4090-8872-2AF06D8BDE15}.Generator Debug|x86.Build.0 = Debug|Any CPU
		{3CECBBCF-74FA-4090-8872-2AF06D8BDE15}.Generator Release|Any CPU.ActiveCfg = Debug|Any CPU
		{3CECBBCF-74FA-4090-8872-2AF06D8BDE15}.Generator Release|ARM.ActiveCfg = Debug|Any CPU
		{3CECBBCF-74FA-4090-8872-2AF06D8BDE15}.Generator Release|ARM.Build.0 = Debug|Any CPU
		{3CECBBCF-74FA-4090-8872-2AF06D8BDE15}.Generator Release|ARM64.ActiveCfg = Debug|Any CPU
		{3CECBBCF-74FA-4090-8872-2AF06D8BDE15}.Generator Release|ARM64.Build.0 = Debug|Any CPU
		{3CECBBCF-74FA-4090-8872-2AF06D8BDE15}.Generator Release|x64.ActiveCfg = Debug|Any CPU
		{3CECBBCF-74FA-4090-8872-2AF06D8BDE15}.Generator Release|x64.Build.0 = Debug|Any CPU
		{3CECBBCF-74FA-4090-8872-2AF06D8BDE15}.Generator Release|x86.ActiveCfg = Debug|Any CPU
		{3CECBBCF-74FA-4090-8872-2AF06D8BDE15}.Generator Release|x86.Build.0 = Debug|Any CPU
		{3CECBBCF-74FA-4090-8872-2AF06D8BDE15}.Release|Any CPU.ActiveCfg = Release|Any CPU
		{3CECBBCF-74FA-4090-8872-2AF06D8BDE15}.Release|Any CPU.Build.0 = Release|Any CPU
		{3CECBBCF-74FA-4090-8872-2AF06D8BDE15}.Release|ARM.ActiveCfg = Release|Any CPU
		{3CECBBCF-74FA-4090-8872-2AF06D8BDE15}.Release|ARM.Build.0 = Release|Any CPU
		{3CECBBCF-74FA-4090-8872-2AF06D8BDE15}.Release|ARM64.ActiveCfg = Release|Any CPU
		{3CECBBCF-74FA-4090-8872-2AF06D8BDE15}.Release|ARM64.Build.0 = Release|Any CPU
		{3CECBBCF-74FA-4090-8872-2AF06D8BDE15}.Release|x64.ActiveCfg = Release|Any CPU
		{3CECBBCF-74FA-4090-8872-2AF06D8BDE15}.Release|x64.Build.0 = Release|Any CPU
		{3CECBBCF-74FA-4090-8872-2AF06D8BDE15}.Release|x86.ActiveCfg = Release|Any CPU
		{3CECBBCF-74FA-4090-8872-2AF06D8BDE15}.Release|x86.Build.0 = Release|Any CPU
		{C746EF21-96BB-4345-B888-A7BBEBAFBA3C}.Debug|Any CPU.ActiveCfg = Debug|Any CPU
		{C746EF21-96BB-4345-B888-A7BBEBAFBA3C}.Debug|Any CPU.Build.0 = Debug|Any CPU
		{C746EF21-96BB-4345-B888-A7BBEBAFBA3C}.Debug|ARM.ActiveCfg = Debug|Any CPU
		{C746EF21-96BB-4345-B888-A7BBEBAFBA3C}.Debug|ARM.Build.0 = Debug|Any CPU
		{C746EF21-96BB-4345-B888-A7BBEBAFBA3C}.Debug|ARM64.ActiveCfg = Debug|Any CPU
		{C746EF21-96BB-4345-B888-A7BBEBAFBA3C}.Debug|ARM64.Build.0 = Debug|Any CPU
		{C746EF21-96BB-4345-B888-A7BBEBAFBA3C}.Debug|x64.ActiveCfg = Debug|Any CPU
		{C746EF21-96BB-4345-B888-A7BBEBAFBA3C}.Debug|x64.Build.0 = Debug|Any CPU
		{C746EF21-96BB-4345-B888-A7BBEBAFBA3C}.Debug|x86.ActiveCfg = Debug|Any CPU
		{C746EF21-96BB-4345-B888-A7BBEBAFBA3C}.Debug|x86.Build.0 = Debug|Any CPU
		{C746EF21-96BB-4345-B888-A7BBEBAFBA3C}.FontAwesome Free Debug|Any CPU.ActiveCfg = Debug|Any CPU
		{C746EF21-96BB-4345-B888-A7BBEBAFBA3C}.FontAwesome Free Debug|Any CPU.Build.0 = Debug|Any CPU
		{C746EF21-96BB-4345-B888-A7BBEBAFBA3C}.FontAwesome Free Debug|ARM.ActiveCfg = Debug|Any CPU
		{C746EF21-96BB-4345-B888-A7BBEBAFBA3C}.FontAwesome Free Debug|ARM.Build.0 = Debug|Any CPU
		{C746EF21-96BB-4345-B888-A7BBEBAFBA3C}.FontAwesome Free Debug|ARM64.ActiveCfg = Debug|Any CPU
		{C746EF21-96BB-4345-B888-A7BBEBAFBA3C}.FontAwesome Free Debug|ARM64.Build.0 = Debug|Any CPU
		{C746EF21-96BB-4345-B888-A7BBEBAFBA3C}.FontAwesome Free Debug|x64.ActiveCfg = Debug|Any CPU
		{C746EF21-96BB-4345-B888-A7BBEBAFBA3C}.FontAwesome Free Debug|x64.Build.0 = Debug|Any CPU
		{C746EF21-96BB-4345-B888-A7BBEBAFBA3C}.FontAwesome Free Debug|x86.ActiveCfg = Debug|Any CPU
		{C746EF21-96BB-4345-B888-A7BBEBAFBA3C}.FontAwesome Free Debug|x86.Build.0 = Debug|Any CPU
		{C746EF21-96BB-4345-B888-A7BBEBAFBA3C}.FontAwesome Free Release|Any CPU.ActiveCfg = Release|Any CPU
		{C746EF21-96BB-4345-B888-A7BBEBAFBA3C}.FontAwesome Free Release|ARM.ActiveCfg = Release|Any CPU
		{C746EF21-96BB-4345-B888-A7BBEBAFBA3C}.FontAwesome Free Release|ARM.Build.0 = Release|Any CPU
		{C746EF21-96BB-4345-B888-A7BBEBAFBA3C}.FontAwesome Free Release|ARM64.ActiveCfg = Release|Any CPU
		{C746EF21-96BB-4345-B888-A7BBEBAFBA3C}.FontAwesome Free Release|ARM64.Build.0 = Release|Any CPU
		{C746EF21-96BB-4345-B888-A7BBEBAFBA3C}.FontAwesome Free Release|x64.ActiveCfg = Release|Any CPU
		{C746EF21-96BB-4345-B888-A7BBEBAFBA3C}.FontAwesome Free Release|x64.Build.0 = Release|Any CPU
		{C746EF21-96BB-4345-B888-A7BBEBAFBA3C}.FontAwesome Free Release|x86.ActiveCfg = Release|Any CPU
		{C746EF21-96BB-4345-B888-A7BBEBAFBA3C}.FontAwesome Free Release|x86.Build.0 = Release|Any CPU
		{C746EF21-96BB-4345-B888-A7BBEBAFBA3C}.FontAwesome Pro Debug|Any CPU.ActiveCfg = Debug|Any CPU
		{C746EF21-96BB-4345-B888-A7BBEBAFBA3C}.FontAwesome Pro Debug|ARM.ActiveCfg = Debug|Any CPU
		{C746EF21-96BB-4345-B888-A7BBEBAFBA3C}.FontAwesome Pro Debug|ARM.Build.0 = Debug|Any CPU
		{C746EF21-96BB-4345-B888-A7BBEBAFBA3C}.FontAwesome Pro Debug|ARM64.ActiveCfg = Debug|Any CPU
		{C746EF21-96BB-4345-B888-A7BBEBAFBA3C}.FontAwesome Pro Debug|ARM64.Build.0 = Debug|Any CPU
		{C746EF21-96BB-4345-B888-A7BBEBAFBA3C}.FontAwesome Pro Debug|x64.ActiveCfg = Debug|Any CPU
		{C746EF21-96BB-4345-B888-A7BBEBAFBA3C}.FontAwesome Pro Debug|x64.Build.0 = Debug|Any CPU
		{C746EF21-96BB-4345-B888-A7BBEBAFBA3C}.FontAwesome Pro Debug|x86.ActiveCfg = Debug|Any CPU
		{C746EF21-96BB-4345-B888-A7BBEBAFBA3C}.FontAwesome Pro Debug|x86.Build.0 = Debug|Any CPU
		{C746EF21-96BB-4345-B888-A7BBEBAFBA3C}.FontAwesome Pro Release|Any CPU.ActiveCfg = Release|Any CPU
		{C746EF21-96BB-4345-B888-A7BBEBAFBA3C}.FontAwesome Pro Release|ARM.ActiveCfg = Release|Any CPU
		{C746EF21-96BB-4345-B888-A7BBEBAFBA3C}.FontAwesome Pro Release|ARM.Build.0 = Release|Any CPU
		{C746EF21-96BB-4345-B888-A7BBEBAFBA3C}.FontAwesome Pro Release|ARM64.ActiveCfg = Release|Any CPU
		{C746EF21-96BB-4345-B888-A7BBEBAFBA3C}.FontAwesome Pro Release|ARM64.Build.0 = Release|Any CPU
		{C746EF21-96BB-4345-B888-A7BBEBAFBA3C}.FontAwesome Pro Release|x64.ActiveCfg = Release|Any CPU
		{C746EF21-96BB-4345-B888-A7BBEBAFBA3C}.FontAwesome Pro Release|x64.Build.0 = Release|Any CPU
		{C746EF21-96BB-4345-B888-A7BBEBAFBA3C}.FontAwesome Pro Release|x86.ActiveCfg = Release|Any CPU
		{C746EF21-96BB-4345-B888-A7BBEBAFBA3C}.FontAwesome Pro Release|x86.Build.0 = Release|Any CPU
		{C746EF21-96BB-4345-B888-A7BBEBAFBA3C}.Generator Debug|Any CPU.ActiveCfg = Debug|Any CPU
		{C746EF21-96BB-4345-B888-A7BBEBAFBA3C}.Generator Debug|ARM.ActiveCfg = Debug|Any CPU
		{C746EF21-96BB-4345-B888-A7BBEBAFBA3C}.Generator Debug|ARM.Build.0 = Debug|Any CPU
		{C746EF21-96BB-4345-B888-A7BBEBAFBA3C}.Generator Debug|ARM64.ActiveCfg = Debug|Any CPU
		{C746EF21-96BB-4345-B888-A7BBEBAFBA3C}.Generator Debug|ARM64.Build.0 = Debug|Any CPU
		{C746EF21-96BB-4345-B888-A7BBEBAFBA3C}.Generator Debug|x64.ActiveCfg = Debug|Any CPU
		{C746EF21-96BB-4345-B888-A7BBEBAFBA3C}.Generator Debug|x64.Build.0 = Debug|Any CPU
		{C746EF21-96BB-4345-B888-A7BBEBAFBA3C}.Generator Debug|x86.ActiveCfg = Debug|Any CPU
		{C746EF21-96BB-4345-B888-A7BBEBAFBA3C}.Generator Debug|x86.Build.0 = Debug|Any CPU
		{C746EF21-96BB-4345-B888-A7BBEBAFBA3C}.Generator Release|Any CPU.ActiveCfg = Debug|Any CPU
		{C746EF21-96BB-4345-B888-A7BBEBAFBA3C}.Generator Release|ARM.ActiveCfg = Debug|Any CPU
		{C746EF21-96BB-4345-B888-A7BBEBAFBA3C}.Generator Release|ARM.Build.0 = Debug|Any CPU
		{C746EF21-96BB-4345-B888-A7BBEBAFBA3C}.Generator Release|ARM64.ActiveCfg = Debug|Any CPU
		{C746EF21-96BB-4345-B888-A7BBEBAFBA3C}.Generator Release|ARM64.Build.0 = Debug|Any CPU
		{C746EF21-96BB-4345-B888-A7BBEBAFBA3C}.Generator Release|x64.ActiveCfg = Debug|Any CPU
		{C746EF21-96BB-4345-B888-A7BBEBAFBA3C}.Generator Release|x64.Build.0 = Debug|Any CPU
		{C746EF21-96BB-4345-B888-A7BBEBAFBA3C}.Generator Release|x86.ActiveCfg = Debug|Any CPU
		{C746EF21-96BB-4345-B888-A7BBEBAFBA3C}.Generator Release|x86.Build.0 = Debug|Any CPU
		{C746EF21-96BB-4345-B888-A7BBEBAFBA3C}.Release|Any CPU.ActiveCfg = Release|Any CPU
		{C746EF21-96BB-4345-B888-A7BBEBAFBA3C}.Release|Any CPU.Build.0 = Release|Any CPU
		{C746EF21-96BB-4345-B888-A7BBEBAFBA3C}.Release|ARM.ActiveCfg = Release|Any CPU
		{C746EF21-96BB-4345-B888-A7BBEBAFBA3C}.Release|ARM.Build.0 = Release|Any CPU
		{C746EF21-96BB-4345-B888-A7BBEBAFBA3C}.Release|ARM64.ActiveCfg = Release|Any CPU
		{C746EF21-96BB-4345-B888-A7BBEBAFBA3C}.Release|ARM64.Build.0 = Release|Any CPU
		{C746EF21-96BB-4345-B888-A7BBEBAFBA3C}.Release|x64.ActiveCfg = Release|Any CPU
		{C746EF21-96BB-4345-B888-A7BBEBAFBA3C}.Release|x64.Build.0 = Release|Any CPU
		{C746EF21-96BB-4345-B888-A7BBEBAFBA3C}.Release|x86.ActiveCfg = Release|Any CPU
		{C746EF21-96BB-4345-B888-A7BBEBAFBA3C}.Release|x86.Build.0 = Release|Any CPU
		{BAC749B5-1E4D-4175-8AD7-81BD0AE080C1}.Debug|Any CPU.ActiveCfg = Debug|Any CPU
		{BAC749B5-1E4D-4175-8AD7-81BD0AE080C1}.Debug|Any CPU.Build.0 = Debug|Any CPU
		{BAC749B5-1E4D-4175-8AD7-81BD0AE080C1}.Debug|ARM.ActiveCfg = Debug|Any CPU
		{BAC749B5-1E4D-4175-8AD7-81BD0AE080C1}.Debug|ARM.Build.0 = Debug|Any CPU
		{BAC749B5-1E4D-4175-8AD7-81BD0AE080C1}.Debug|ARM64.ActiveCfg = Debug|Any CPU
		{BAC749B5-1E4D-4175-8AD7-81BD0AE080C1}.Debug|ARM64.Build.0 = Debug|Any CPU
		{BAC749B5-1E4D-4175-8AD7-81BD0AE080C1}.Debug|x64.ActiveCfg = Debug|Any CPU
		{BAC749B5-1E4D-4175-8AD7-81BD0AE080C1}.Debug|x64.Build.0 = Debug|Any CPU
		{BAC749B5-1E4D-4175-8AD7-81BD0AE080C1}.Debug|x86.ActiveCfg = Debug|Any CPU
		{BAC749B5-1E4D-4175-8AD7-81BD0AE080C1}.Debug|x86.Build.0 = Debug|Any CPU
		{BAC749B5-1E4D-4175-8AD7-81BD0AE080C1}.FontAwesome Free Debug|Any CPU.ActiveCfg = Debug|Any CPU
		{BAC749B5-1E4D-4175-8AD7-81BD0AE080C1}.FontAwesome Free Debug|Any CPU.Build.0 = Debug|Any CPU
		{BAC749B5-1E4D-4175-8AD7-81BD0AE080C1}.FontAwesome Free Debug|ARM.ActiveCfg = Debug|Any CPU
		{BAC749B5-1E4D-4175-8AD7-81BD0AE080C1}.FontAwesome Free Debug|ARM.Build.0 = Debug|Any CPU
		{BAC749B5-1E4D-4175-8AD7-81BD0AE080C1}.FontAwesome Free Debug|ARM64.ActiveCfg = Debug|Any CPU
		{BAC749B5-1E4D-4175-8AD7-81BD0AE080C1}.FontAwesome Free Debug|ARM64.Build.0 = Debug|Any CPU
		{BAC749B5-1E4D-4175-8AD7-81BD0AE080C1}.FontAwesome Free Debug|x64.ActiveCfg = Debug|Any CPU
		{BAC749B5-1E4D-4175-8AD7-81BD0AE080C1}.FontAwesome Free Debug|x64.Build.0 = Debug|Any CPU
		{BAC749B5-1E4D-4175-8AD7-81BD0AE080C1}.FontAwesome Free Debug|x86.ActiveCfg = Debug|Any CPU
		{BAC749B5-1E4D-4175-8AD7-81BD0AE080C1}.FontAwesome Free Debug|x86.Build.0 = Debug|Any CPU
		{BAC749B5-1E4D-4175-8AD7-81BD0AE080C1}.FontAwesome Free Release|Any CPU.ActiveCfg = Release|Any CPU
		{BAC749B5-1E4D-4175-8AD7-81BD0AE080C1}.FontAwesome Free Release|ARM.ActiveCfg = Release|Any CPU
		{BAC749B5-1E4D-4175-8AD7-81BD0AE080C1}.FontAwesome Free Release|ARM.Build.0 = Release|Any CPU
		{BAC749B5-1E4D-4175-8AD7-81BD0AE080C1}.FontAwesome Free Release|ARM64.ActiveCfg = Release|Any CPU
		{BAC749B5-1E4D-4175-8AD7-81BD0AE080C1}.FontAwesome Free Release|ARM64.Build.0 = Release|Any CPU
		{BAC749B5-1E4D-4175-8AD7-81BD0AE080C1}.FontAwesome Free Release|x64.ActiveCfg = Release|Any CPU
		{BAC749B5-1E4D-4175-8AD7-81BD0AE080C1}.FontAwesome Free Release|x64.Build.0 = Release|Any CPU
		{BAC749B5-1E4D-4175-8AD7-81BD0AE080C1}.FontAwesome Free Release|x86.ActiveCfg = Release|Any CPU
		{BAC749B5-1E4D-4175-8AD7-81BD0AE080C1}.FontAwesome Free Release|x86.Build.0 = Release|Any CPU
		{BAC749B5-1E4D-4175-8AD7-81BD0AE080C1}.FontAwesome Pro Debug|Any CPU.ActiveCfg = Debug|Any CPU
		{BAC749B5-1E4D-4175-8AD7-81BD0AE080C1}.FontAwesome Pro Debug|ARM.ActiveCfg = Debug|Any CPU
		{BAC749B5-1E4D-4175-8AD7-81BD0AE080C1}.FontAwesome Pro Debug|ARM.Build.0 = Debug|Any CPU
		{BAC749B5-1E4D-4175-8AD7-81BD0AE080C1}.FontAwesome Pro Debug|ARM64.ActiveCfg = Debug|Any CPU
		{BAC749B5-1E4D-4175-8AD7-81BD0AE080C1}.FontAwesome Pro Debug|ARM64.Build.0 = Debug|Any CPU
		{BAC749B5-1E4D-4175-8AD7-81BD0AE080C1}.FontAwesome Pro Debug|x64.ActiveCfg = Debug|Any CPU
		{BAC749B5-1E4D-4175-8AD7-81BD0AE080C1}.FontAwesome Pro Debug|x64.Build.0 = Debug|Any CPU
		{BAC749B5-1E4D-4175-8AD7-81BD0AE080C1}.FontAwesome Pro Debug|x86.ActiveCfg = Debug|Any CPU
		{BAC749B5-1E4D-4175-8AD7-81BD0AE080C1}.FontAwesome Pro Debug|x86.Build.0 = Debug|Any CPU
		{BAC749B5-1E4D-4175-8AD7-81BD0AE080C1}.FontAwesome Pro Release|Any CPU.ActiveCfg = Release|Any CPU
		{BAC749B5-1E4D-4175-8AD7-81BD0AE080C1}.FontAwesome Pro Release|ARM.ActiveCfg = Release|Any CPU
		{BAC749B5-1E4D-4175-8AD7-81BD0AE080C1}.FontAwesome Pro Release|ARM.Build.0 = Release|Any CPU
		{BAC749B5-1E4D-4175-8AD7-81BD0AE080C1}.FontAwesome Pro Release|ARM64.ActiveCfg = Release|Any CPU
		{BAC749B5-1E4D-4175-8AD7-81BD0AE080C1}.FontAwesome Pro Release|ARM64.Build.0 = Release|Any CPU
		{BAC749B5-1E4D-4175-8AD7-81BD0AE080C1}.FontAwesome Pro Release|x64.ActiveCfg = Release|Any CPU
		{BAC749B5-1E4D-4175-8AD7-81BD0AE080C1}.FontAwesome Pro Release|x64.Build.0 = Release|Any CPU
		{BAC749B5-1E4D-4175-8AD7-81BD0AE080C1}.FontAwesome Pro Release|x86.ActiveCfg = Release|Any CPU
		{BAC749B5-1E4D-4175-8AD7-81BD0AE080C1}.FontAwesome Pro Release|x86.Build.0 = Release|Any CPU
		{BAC749B5-1E4D-4175-8AD7-81BD0AE080C1}.Generator Debug|Any CPU.ActiveCfg = Debug|Any CPU
		{BAC749B5-1E4D-4175-8AD7-81BD0AE080C1}.Generator Debug|ARM.ActiveCfg = Debug|Any CPU
		{BAC749B5-1E4D-4175-8AD7-81BD0AE080C1}.Generator Debug|ARM.Build.0 = Debug|Any CPU
		{BAC749B5-1E4D-4175-8AD7-81BD0AE080C1}.Generator Debug|ARM64.ActiveCfg = Debug|Any CPU
		{BAC749B5-1E4D-4175-8AD7-81BD0AE080C1}.Generator Debug|ARM64.Build.0 = Debug|Any CPU
		{BAC749B5-1E4D-4175-8AD7-81BD0AE080C1}.Generator Debug|x64.ActiveCfg = Debug|Any CPU
		{BAC749B5-1E4D-4175-8AD7-81BD0AE080C1}.Generator Debug|x64.Build.0 = Debug|Any CPU
		{BAC749B5-1E4D-4175-8AD7-81BD0AE080C1}.Generator Debug|x86.ActiveCfg = Debug|Any CPU
		{BAC749B5-1E4D-4175-8AD7-81BD0AE080C1}.Generator Debug|x86.Build.0 = Debug|Any CPU
		{BAC749B5-1E4D-4175-8AD7-81BD0AE080C1}.Generator Release|Any CPU.ActiveCfg = Debug|Any CPU
		{BAC749B5-1E4D-4175-8AD7-81BD0AE080C1}.Generator Release|ARM.ActiveCfg = Debug|Any CPU
		{BAC749B5-1E4D-4175-8AD7-81BD0AE080C1}.Generator Release|ARM.Build.0 = Debug|Any CPU
		{BAC749B5-1E4D-4175-8AD7-81BD0AE080C1}.Generator Release|ARM64.ActiveCfg = Debug|Any CPU
		{BAC749B5-1E4D-4175-8AD7-81BD0AE080C1}.Generator Release|ARM64.Build.0 = Debug|Any CPU
		{BAC749B5-1E4D-4175-8AD7-81BD0AE080C1}.Generator Release|x64.ActiveCfg = Debug|Any CPU
		{BAC749B5-1E4D-4175-8AD7-81BD0AE080C1}.Generator Release|x64.Build.0 = Debug|Any CPU
		{BAC749B5-1E4D-4175-8AD7-81BD0AE080C1}.Generator Release|x86.ActiveCfg = Debug|Any CPU
		{BAC749B5-1E4D-4175-8AD7-81BD0AE080C1}.Generator Release|x86.Build.0 = Debug|Any CPU
		{BAC749B5-1E4D-4175-8AD7-81BD0AE080C1}.Release|Any CPU.ActiveCfg = Release|Any CPU
		{BAC749B5-1E4D-4175-8AD7-81BD0AE080C1}.Release|Any CPU.Build.0 = Release|Any CPU
		{BAC749B5-1E4D-4175-8AD7-81BD0AE080C1}.Release|ARM.ActiveCfg = Release|Any CPU
		{BAC749B5-1E4D-4175-8AD7-81BD0AE080C1}.Release|ARM.Build.0 = Release|Any CPU
		{BAC749B5-1E4D-4175-8AD7-81BD0AE080C1}.Release|ARM64.ActiveCfg = Release|Any CPU
		{BAC749B5-1E4D-4175-8AD7-81BD0AE080C1}.Release|ARM64.Build.0 = Release|Any CPU
		{BAC749B5-1E4D-4175-8AD7-81BD0AE080C1}.Release|x64.ActiveCfg = Release|Any CPU
		{BAC749B5-1E4D-4175-8AD7-81BD0AE080C1}.Release|x64.Build.0 = Release|Any CPU
		{BAC749B5-1E4D-4175-8AD7-81BD0AE080C1}.Release|x86.ActiveCfg = Release|Any CPU
		{BAC749B5-1E4D-4175-8AD7-81BD0AE080C1}.Release|x86.Build.0 = Release|Any CPU
		{F9E78A5B-F7DB-4870-A2C4-9FE7FAFA5212}.Debug|Any CPU.ActiveCfg = Debug|x86
		{F9E78A5B-F7DB-4870-A2C4-9FE7FAFA5212}.Debug|ARM.ActiveCfg = Debug|ARM
		{F9E78A5B-F7DB-4870-A2C4-9FE7FAFA5212}.Debug|ARM.Build.0 = Debug|ARM
		{F9E78A5B-F7DB-4870-A2C4-9FE7FAFA5212}.Debug|ARM.Deploy.0 = Debug|ARM
		{F9E78A5B-F7DB-4870-A2C4-9FE7FAFA5212}.Debug|ARM64.ActiveCfg = Debug|x86
		{F9E78A5B-F7DB-4870-A2C4-9FE7FAFA5212}.Debug|x64.ActiveCfg = Debug|x64
		{F9E78A5B-F7DB-4870-A2C4-9FE7FAFA5212}.Debug|x64.Build.0 = Debug|x64
		{F9E78A5B-F7DB-4870-A2C4-9FE7FAFA5212}.Debug|x64.Deploy.0 = Debug|x64
		{F9E78A5B-F7DB-4870-A2C4-9FE7FAFA5212}.Debug|x86.ActiveCfg = Debug|x86
		{F9E78A5B-F7DB-4870-A2C4-9FE7FAFA5212}.Debug|x86.Build.0 = Debug|x86
		{F9E78A5B-F7DB-4870-A2C4-9FE7FAFA5212}.Debug|x86.Deploy.0 = Debug|x86
		{F9E78A5B-F7DB-4870-A2C4-9FE7FAFA5212}.FontAwesome Free Debug|Any CPU.ActiveCfg = Debug|x86
		{F9E78A5B-F7DB-4870-A2C4-9FE7FAFA5212}.FontAwesome Free Debug|Any CPU.Build.0 = Debug|x86
		{F9E78A5B-F7DB-4870-A2C4-9FE7FAFA5212}.FontAwesome Free Debug|ARM.ActiveCfg = Debug|ARM
		{F9E78A5B-F7DB-4870-A2C4-9FE7FAFA5212}.FontAwesome Free Debug|ARM.Build.0 = Debug|ARM
		{F9E78A5B-F7DB-4870-A2C4-9FE7FAFA5212}.FontAwesome Free Debug|ARM.Deploy.0 = Debug|ARM
		{F9E78A5B-F7DB-4870-A2C4-9FE7FAFA5212}.FontAwesome Free Debug|ARM64.ActiveCfg = Debug|x86
		{F9E78A5B-F7DB-4870-A2C4-9FE7FAFA5212}.FontAwesome Free Debug|x64.ActiveCfg = Debug|x64
		{F9E78A5B-F7DB-4870-A2C4-9FE7FAFA5212}.FontAwesome Free Debug|x64.Build.0 = Debug|x64
		{F9E78A5B-F7DB-4870-A2C4-9FE7FAFA5212}.FontAwesome Free Debug|x64.Deploy.0 = Debug|x64
		{F9E78A5B-F7DB-4870-A2C4-9FE7FAFA5212}.FontAwesome Free Debug|x86.ActiveCfg = Debug|x86
		{F9E78A5B-F7DB-4870-A2C4-9FE7FAFA5212}.FontAwesome Free Debug|x86.Build.0 = Debug|x86
		{F9E78A5B-F7DB-4870-A2C4-9FE7FAFA5212}.FontAwesome Free Debug|x86.Deploy.0 = Debug|x86
		{F9E78A5B-F7DB-4870-A2C4-9FE7FAFA5212}.FontAwesome Free Release|Any CPU.ActiveCfg = Release|x86
		{F9E78A5B-F7DB-4870-A2C4-9FE7FAFA5212}.FontAwesome Free Release|ARM.ActiveCfg = Release|ARM
		{F9E78A5B-F7DB-4870-A2C4-9FE7FAFA5212}.FontAwesome Free Release|ARM.Build.0 = Release|ARM
		{F9E78A5B-F7DB-4870-A2C4-9FE7FAFA5212}.FontAwesome Free Release|ARM.Deploy.0 = Release|ARM
		{F9E78A5B-F7DB-4870-A2C4-9FE7FAFA5212}.FontAwesome Free Release|ARM64.ActiveCfg = Release|x86
		{F9E78A5B-F7DB-4870-A2C4-9FE7FAFA5212}.FontAwesome Free Release|x64.ActiveCfg = Release|x64
		{F9E78A5B-F7DB-4870-A2C4-9FE7FAFA5212}.FontAwesome Free Release|x64.Build.0 = Release|x64
		{F9E78A5B-F7DB-4870-A2C4-9FE7FAFA5212}.FontAwesome Free Release|x64.Deploy.0 = Release|x64
		{F9E78A5B-F7DB-4870-A2C4-9FE7FAFA5212}.FontAwesome Free Release|x86.ActiveCfg = Release|x86
		{F9E78A5B-F7DB-4870-A2C4-9FE7FAFA5212}.FontAwesome Free Release|x86.Build.0 = Release|x86
		{F9E78A5B-F7DB-4870-A2C4-9FE7FAFA5212}.FontAwesome Free Release|x86.Deploy.0 = Release|x86
		{F9E78A5B-F7DB-4870-A2C4-9FE7FAFA5212}.FontAwesome Pro Debug|Any CPU.ActiveCfg = Debug|x86
		{F9E78A5B-F7DB-4870-A2C4-9FE7FAFA5212}.FontAwesome Pro Debug|ARM.ActiveCfg = Debug|ARM
		{F9E78A5B-F7DB-4870-A2C4-9FE7FAFA5212}.FontAwesome Pro Debug|ARM.Build.0 = Debug|ARM
		{F9E78A5B-F7DB-4870-A2C4-9FE7FAFA5212}.FontAwesome Pro Debug|ARM.Deploy.0 = Debug|ARM
		{F9E78A5B-F7DB-4870-A2C4-9FE7FAFA5212}.FontAwesome Pro Debug|ARM64.ActiveCfg = Debug|x86
		{F9E78A5B-F7DB-4870-A2C4-9FE7FAFA5212}.FontAwesome Pro Debug|x64.ActiveCfg = Debug|x64
		{F9E78A5B-F7DB-4870-A2C4-9FE7FAFA5212}.FontAwesome Pro Debug|x64.Build.0 = Debug|x64
		{F9E78A5B-F7DB-4870-A2C4-9FE7FAFA5212}.FontAwesome Pro Debug|x64.Deploy.0 = Debug|x64
		{F9E78A5B-F7DB-4870-A2C4-9FE7FAFA5212}.FontAwesome Pro Debug|x86.ActiveCfg = Debug|x86
		{F9E78A5B-F7DB-4870-A2C4-9FE7FAFA5212}.FontAwesome Pro Debug|x86.Build.0 = Debug|x86
		{F9E78A5B-F7DB-4870-A2C4-9FE7FAFA5212}.FontAwesome Pro Debug|x86.Deploy.0 = Debug|x86
		{F9E78A5B-F7DB-4870-A2C4-9FE7FAFA5212}.FontAwesome Pro Release|Any CPU.ActiveCfg = Release|x86
		{F9E78A5B-F7DB-4870-A2C4-9FE7FAFA5212}.FontAwesome Pro Release|ARM.ActiveCfg = Release|ARM
		{F9E78A5B-F7DB-4870-A2C4-9FE7FAFA5212}.FontAwesome Pro Release|ARM.Build.0 = Release|ARM
		{F9E78A5B-F7DB-4870-A2C4-9FE7FAFA5212}.FontAwesome Pro Release|ARM.Deploy.0 = Release|ARM
		{F9E78A5B-F7DB-4870-A2C4-9FE7FAFA5212}.FontAwesome Pro Release|ARM64.ActiveCfg = Release|x86
		{F9E78A5B-F7DB-4870-A2C4-9FE7FAFA5212}.FontAwesome Pro Release|x64.ActiveCfg = Release|x64
		{F9E78A5B-F7DB-4870-A2C4-9FE7FAFA5212}.FontAwesome Pro Release|x64.Build.0 = Release|x64
		{F9E78A5B-F7DB-4870-A2C4-9FE7FAFA5212}.FontAwesome Pro Release|x64.Deploy.0 = Release|x64
		{F9E78A5B-F7DB-4870-A2C4-9FE7FAFA5212}.FontAwesome Pro Release|x86.ActiveCfg = Release|x86
		{F9E78A5B-F7DB-4870-A2C4-9FE7FAFA5212}.FontAwesome Pro Release|x86.Build.0 = Release|x86
		{F9E78A5B-F7DB-4870-A2C4-9FE7FAFA5212}.FontAwesome Pro Release|x86.Deploy.0 = Release|x86
		{F9E78A5B-F7DB-4870-A2C4-9FE7FAFA5212}.Generator Debug|Any CPU.ActiveCfg = Debug|x86
		{F9E78A5B-F7DB-4870-A2C4-9FE7FAFA5212}.Generator Debug|ARM.ActiveCfg = Debug|ARM
		{F9E78A5B-F7DB-4870-A2C4-9FE7FAFA5212}.Generator Debug|ARM.Build.0 = Debug|ARM
		{F9E78A5B-F7DB-4870-A2C4-9FE7FAFA5212}.Generator Debug|ARM.Deploy.0 = Debug|ARM
		{F9E78A5B-F7DB-4870-A2C4-9FE7FAFA5212}.Generator Debug|ARM64.ActiveCfg = Debug|x86
		{F9E78A5B-F7DB-4870-A2C4-9FE7FAFA5212}.Generator Debug|x64.ActiveCfg = Debug|x64
		{F9E78A5B-F7DB-4870-A2C4-9FE7FAFA5212}.Generator Debug|x64.Build.0 = Debug|x64
		{F9E78A5B-F7DB-4870-A2C4-9FE7FAFA5212}.Generator Debug|x64.Deploy.0 = Debug|x64
		{F9E78A5B-F7DB-4870-A2C4-9FE7FAFA5212}.Generator Debug|x86.ActiveCfg = Debug|x86
		{F9E78A5B-F7DB-4870-A2C4-9FE7FAFA5212}.Generator Debug|x86.Build.0 = Debug|x86
		{F9E78A5B-F7DB-4870-A2C4-9FE7FAFA5212}.Generator Debug|x86.Deploy.0 = Debug|x86
		{F9E78A5B-F7DB-4870-A2C4-9FE7FAFA5212}.Generator Release|Any CPU.ActiveCfg = Debug|x86
		{F9E78A5B-F7DB-4870-A2C4-9FE7FAFA5212}.Generator Release|ARM.ActiveCfg = Debug|ARM
		{F9E78A5B-F7DB-4870-A2C4-9FE7FAFA5212}.Generator Release|ARM.Build.0 = Debug|ARM
		{F9E78A5B-F7DB-4870-A2C4-9FE7FAFA5212}.Generator Release|ARM.Deploy.0 = Debug|ARM
		{F9E78A5B-F7DB-4870-A2C4-9FE7FAFA5212}.Generator Release|ARM64.ActiveCfg = Debug|x86
		{F9E78A5B-F7DB-4870-A2C4-9FE7FAFA5212}.Generator Release|x64.ActiveCfg = Debug|x64
		{F9E78A5B-F7DB-4870-A2C4-9FE7FAFA5212}.Generator Release|x64.Build.0 = Debug|x64
		{F9E78A5B-F7DB-4870-A2C4-9FE7FAFA5212}.Generator Release|x64.Deploy.0 = Debug|x64
		{F9E78A5B-F7DB-4870-A2C4-9FE7FAFA5212}.Generator Release|x86.ActiveCfg = Debug|x86
		{F9E78A5B-F7DB-4870-A2C4-9FE7FAFA5212}.Generator Release|x86.Build.0 = Debug|x86
		{F9E78A5B-F7DB-4870-A2C4-9FE7FAFA5212}.Generator Release|x86.Deploy.0 = Debug|x86
		{F9E78A5B-F7DB-4870-A2C4-9FE7FAFA5212}.Release|Any CPU.ActiveCfg = Release|x86
		{F9E78A5B-F7DB-4870-A2C4-9FE7FAFA5212}.Release|ARM.ActiveCfg = Release|ARM
		{F9E78A5B-F7DB-4870-A2C4-9FE7FAFA5212}.Release|ARM.Build.0 = Release|ARM
		{F9E78A5B-F7DB-4870-A2C4-9FE7FAFA5212}.Release|ARM.Deploy.0 = Release|ARM
		{F9E78A5B-F7DB-4870-A2C4-9FE7FAFA5212}.Release|ARM64.ActiveCfg = Release|x86
		{F9E78A5B-F7DB-4870-A2C4-9FE7FAFA5212}.Release|x64.ActiveCfg = Release|x64
		{F9E78A5B-F7DB-4870-A2C4-9FE7FAFA5212}.Release|x64.Build.0 = Release|x64
		{F9E78A5B-F7DB-4870-A2C4-9FE7FAFA5212}.Release|x64.Deploy.0 = Release|x64
		{F9E78A5B-F7DB-4870-A2C4-9FE7FAFA5212}.Release|x86.ActiveCfg = Release|x86
		{F9E78A5B-F7DB-4870-A2C4-9FE7FAFA5212}.Release|x86.Build.0 = Release|x86
		{F9E78A5B-F7DB-4870-A2C4-9FE7FAFA5212}.Release|x86.Deploy.0 = Release|x86
		{2B93E38A-D9A7-4571-B906-174714AAF9E2}.Debug|Any CPU.ActiveCfg = Debug|Any CPU
		{2B93E38A-D9A7-4571-B906-174714AAF9E2}.Debug|Any CPU.Build.0 = Debug|Any CPU
		{2B93E38A-D9A7-4571-B906-174714AAF9E2}.Debug|ARM.ActiveCfg = Debug|Any CPU
		{2B93E38A-D9A7-4571-B906-174714AAF9E2}.Debug|ARM.Build.0 = Debug|Any CPU
		{2B93E38A-D9A7-4571-B906-174714AAF9E2}.Debug|ARM64.ActiveCfg = Debug|Any CPU
		{2B93E38A-D9A7-4571-B906-174714AAF9E2}.Debug|ARM64.Build.0 = Debug|Any CPU
		{2B93E38A-D9A7-4571-B906-174714AAF9E2}.Debug|x64.ActiveCfg = Debug|Any CPU
		{2B93E38A-D9A7-4571-B906-174714AAF9E2}.Debug|x64.Build.0 = Debug|Any CPU
		{2B93E38A-D9A7-4571-B906-174714AAF9E2}.Debug|x86.ActiveCfg = Debug|Any CPU
		{2B93E38A-D9A7-4571-B906-174714AAF9E2}.Debug|x86.Build.0 = Debug|Any CPU
		{2B93E38A-D9A7-4571-B906-174714AAF9E2}.FontAwesome Free Debug|Any CPU.ActiveCfg = Debug|Any CPU
		{2B93E38A-D9A7-4571-B906-174714AAF9E2}.FontAwesome Free Debug|ARM.ActiveCfg = Debug|Any CPU
		{2B93E38A-D9A7-4571-B906-174714AAF9E2}.FontAwesome Free Debug|ARM.Build.0 = Debug|Any CPU
		{2B93E38A-D9A7-4571-B906-174714AAF9E2}.FontAwesome Free Debug|ARM64.ActiveCfg = Debug|Any CPU
		{2B93E38A-D9A7-4571-B906-174714AAF9E2}.FontAwesome Free Debug|ARM64.Build.0 = Debug|Any CPU
		{2B93E38A-D9A7-4571-B906-174714AAF9E2}.FontAwesome Free Debug|x64.ActiveCfg = Debug|Any CPU
		{2B93E38A-D9A7-4571-B906-174714AAF9E2}.FontAwesome Free Debug|x64.Build.0 = Debug|Any CPU
		{2B93E38A-D9A7-4571-B906-174714AAF9E2}.FontAwesome Free Debug|x86.ActiveCfg = Debug|Any CPU
		{2B93E38A-D9A7-4571-B906-174714AAF9E2}.FontAwesome Free Debug|x86.Build.0 = Debug|Any CPU
		{2B93E38A-D9A7-4571-B906-174714AAF9E2}.FontAwesome Free Release|Any CPU.ActiveCfg = Release|Any CPU
		{2B93E38A-D9A7-4571-B906-174714AAF9E2}.FontAwesome Free Release|ARM.ActiveCfg = Release|Any CPU
		{2B93E38A-D9A7-4571-B906-174714AAF9E2}.FontAwesome Free Release|ARM.Build.0 = Release|Any CPU
		{2B93E38A-D9A7-4571-B906-174714AAF9E2}.FontAwesome Free Release|ARM64.ActiveCfg = Release|Any CPU
		{2B93E38A-D9A7-4571-B906-174714AAF9E2}.FontAwesome Free Release|ARM64.Build.0 = Release|Any CPU
		{2B93E38A-D9A7-4571-B906-174714AAF9E2}.FontAwesome Free Release|x64.ActiveCfg = Release|Any CPU
		{2B93E38A-D9A7-4571-B906-174714AAF9E2}.FontAwesome Free Release|x64.Build.0 = Release|Any CPU
		{2B93E38A-D9A7-4571-B906-174714AAF9E2}.FontAwesome Free Release|x86.ActiveCfg = Release|Any CPU
		{2B93E38A-D9A7-4571-B906-174714AAF9E2}.FontAwesome Free Release|x86.Build.0 = Release|Any CPU
		{2B93E38A-D9A7-4571-B906-174714AAF9E2}.FontAwesome Pro Debug|Any CPU.ActiveCfg = Debug|Any CPU
		{2B93E38A-D9A7-4571-B906-174714AAF9E2}.FontAwesome Pro Debug|Any CPU.Build.0 = Debug|Any CPU
		{2B93E38A-D9A7-4571-B906-174714AAF9E2}.FontAwesome Pro Debug|ARM.ActiveCfg = Debug|Any CPU
		{2B93E38A-D9A7-4571-B906-174714AAF9E2}.FontAwesome Pro Debug|ARM.Build.0 = Debug|Any CPU
		{2B93E38A-D9A7-4571-B906-174714AAF9E2}.FontAwesome Pro Debug|ARM64.ActiveCfg = Debug|Any CPU
		{2B93E38A-D9A7-4571-B906-174714AAF9E2}.FontAwesome Pro Debug|ARM64.Build.0 = Debug|Any CPU
		{2B93E38A-D9A7-4571-B906-174714AAF9E2}.FontAwesome Pro Debug|x64.ActiveCfg = Debug|Any CPU
		{2B93E38A-D9A7-4571-B906-174714AAF9E2}.FontAwesome Pro Debug|x64.Build.0 = Debug|Any CPU
		{2B93E38A-D9A7-4571-B906-174714AAF9E2}.FontAwesome Pro Debug|x86.ActiveCfg = Debug|Any CPU
		{2B93E38A-D9A7-4571-B906-174714AAF9E2}.FontAwesome Pro Debug|x86.Build.0 = Debug|Any CPU
		{2B93E38A-D9A7-4571-B906-174714AAF9E2}.FontAwesome Pro Release|Any CPU.ActiveCfg = Release|Any CPU
		{2B93E38A-D9A7-4571-B906-174714AAF9E2}.FontAwesome Pro Release|Any CPU.Build.0 = Release|Any CPU
		{2B93E38A-D9A7-4571-B906-174714AAF9E2}.FontAwesome Pro Release|ARM.ActiveCfg = Release|Any CPU
		{2B93E38A-D9A7-4571-B906-174714AAF9E2}.FontAwesome Pro Release|ARM.Build.0 = Release|Any CPU
		{2B93E38A-D9A7-4571-B906-174714AAF9E2}.FontAwesome Pro Release|ARM64.ActiveCfg = Release|Any CPU
		{2B93E38A-D9A7-4571-B906-174714AAF9E2}.FontAwesome Pro Release|ARM64.Build.0 = Release|Any CPU
		{2B93E38A-D9A7-4571-B906-174714AAF9E2}.FontAwesome Pro Release|x64.ActiveCfg = Release|Any CPU
		{2B93E38A-D9A7-4571-B906-174714AAF9E2}.FontAwesome Pro Release|x64.Build.0 = Release|Any CPU
		{2B93E38A-D9A7-4571-B906-174714AAF9E2}.FontAwesome Pro Release|x86.ActiveCfg = Release|Any CPU
		{2B93E38A-D9A7-4571-B906-174714AAF9E2}.FontAwesome Pro Release|x86.Build.0 = Release|Any CPU
		{2B93E38A-D9A7-4571-B906-174714AAF9E2}.Generator Debug|Any CPU.ActiveCfg = Debug|Any CPU
		{2B93E38A-D9A7-4571-B906-174714AAF9E2}.Generator Debug|ARM.ActiveCfg = Debug|Any CPU
		{2B93E38A-D9A7-4571-B906-174714AAF9E2}.Generator Debug|ARM.Build.0 = Debug|Any CPU
		{2B93E38A-D9A7-4571-B906-174714AAF9E2}.Generator Debug|ARM64.ActiveCfg = Debug|Any CPU
		{2B93E38A-D9A7-4571-B906-174714AAF9E2}.Generator Debug|ARM64.Build.0 = Debug|Any CPU
		{2B93E38A-D9A7-4571-B906-174714AAF9E2}.Generator Debug|x64.ActiveCfg = Debug|Any CPU
		{2B93E38A-D9A7-4571-B906-174714AAF9E2}.Generator Debug|x64.Build.0 = Debug|Any CPU
		{2B93E38A-D9A7-4571-B906-174714AAF9E2}.Generator Debug|x86.ActiveCfg = Debug|Any CPU
		{2B93E38A-D9A7-4571-B906-174714AAF9E2}.Generator Debug|x86.Build.0 = Debug|Any CPU
		{2B93E38A-D9A7-4571-B906-174714AAF9E2}.Generator Release|Any CPU.ActiveCfg = Debug|Any CPU
		{2B93E38A-D9A7-4571-B906-174714AAF9E2}.Generator Release|ARM.ActiveCfg = Debug|Any CPU
		{2B93E38A-D9A7-4571-B906-174714AAF9E2}.Generator Release|ARM.Build.0 = Debug|Any CPU
		{2B93E38A-D9A7-4571-B906-174714AAF9E2}.Generator Release|ARM64.ActiveCfg = Debug|Any CPU
		{2B93E38A-D9A7-4571-B906-174714AAF9E2}.Generator Release|ARM64.Build.0 = Debug|Any CPU
		{2B93E38A-D9A7-4571-B906-174714AAF9E2}.Generator Release|x64.ActiveCfg = Debug|Any CPU
		{2B93E38A-D9A7-4571-B906-174714AAF9E2}.Generator Release|x64.Build.0 = Debug|Any CPU
		{2B93E38A-D9A7-4571-B906-174714AAF9E2}.Generator Release|x86.ActiveCfg = Debug|Any CPU
		{2B93E38A-D9A7-4571-B906-174714AAF9E2}.Generator Release|x86.Build.0 = Debug|Any CPU
		{2B93E38A-D9A7-4571-B906-174714AAF9E2}.Release|Any CPU.ActiveCfg = Release|Any CPU
		{2B93E38A-D9A7-4571-B906-174714AAF9E2}.Release|Any CPU.Build.0 = Release|Any CPU
		{2B93E38A-D9A7-4571-B906-174714AAF9E2}.Release|ARM.ActiveCfg = Release|Any CPU
		{2B93E38A-D9A7-4571-B906-174714AAF9E2}.Release|ARM.Build.0 = Release|Any CPU
		{2B93E38A-D9A7-4571-B906-174714AAF9E2}.Release|ARM64.ActiveCfg = Release|Any CPU
		{2B93E38A-D9A7-4571-B906-174714AAF9E2}.Release|ARM64.Build.0 = Release|Any CPU
		{2B93E38A-D9A7-4571-B906-174714AAF9E2}.Release|x64.ActiveCfg = Release|Any CPU
		{2B93E38A-D9A7-4571-B906-174714AAF9E2}.Release|x64.Build.0 = Release|Any CPU
		{2B93E38A-D9A7-4571-B906-174714AAF9E2}.Release|x86.ActiveCfg = Release|Any CPU
		{2B93E38A-D9A7-4571-B906-174714AAF9E2}.Release|x86.Build.0 = Release|Any CPU
		{B09E110F-587D-490E-AB01-9D85450C23AF}.Debug|Any CPU.ActiveCfg = Debug|Any CPU
		{B09E110F-587D-490E-AB01-9D85450C23AF}.Debug|Any CPU.Build.0 = Debug|Any CPU
		{B09E110F-587D-490E-AB01-9D85450C23AF}.Debug|ARM.ActiveCfg = Debug|ARM
		{B09E110F-587D-490E-AB01-9D85450C23AF}.Debug|ARM.Build.0 = Debug|ARM
		{B09E110F-587D-490E-AB01-9D85450C23AF}.Debug|ARM64.ActiveCfg = Debug|ARM64
		{B09E110F-587D-490E-AB01-9D85450C23AF}.Debug|ARM64.Build.0 = Debug|ARM64
		{B09E110F-587D-490E-AB01-9D85450C23AF}.Debug|x64.ActiveCfg = Debug|x64
		{B09E110F-587D-490E-AB01-9D85450C23AF}.Debug|x64.Build.0 = Debug|x64
		{B09E110F-587D-490E-AB01-9D85450C23AF}.Debug|x86.ActiveCfg = Debug|x86
		{B09E110F-587D-490E-AB01-9D85450C23AF}.Debug|x86.Build.0 = Debug|x86
		{B09E110F-587D-490E-AB01-9D85450C23AF}.FontAwesome Free Debug|Any CPU.ActiveCfg = Debug|Any CPU
		{B09E110F-587D-490E-AB01-9D85450C23AF}.FontAwesome Free Debug|ARM.ActiveCfg = Debug|ARM
		{B09E110F-587D-490E-AB01-9D85450C23AF}.FontAwesome Free Debug|ARM.Build.0 = Debug|ARM
		{B09E110F-587D-490E-AB01-9D85450C23AF}.FontAwesome Free Debug|ARM64.ActiveCfg = Debug|ARM64
		{B09E110F-587D-490E-AB01-9D85450C23AF}.FontAwesome Free Debug|ARM64.Build.0 = Debug|ARM64
		{B09E110F-587D-490E-AB01-9D85450C23AF}.FontAwesome Free Debug|x64.ActiveCfg = Debug|x64
		{B09E110F-587D-490E-AB01-9D85450C23AF}.FontAwesome Free Debug|x64.Build.0 = Debug|x64
		{B09E110F-587D-490E-AB01-9D85450C23AF}.FontAwesome Free Debug|x86.ActiveCfg = Debug|x86
		{B09E110F-587D-490E-AB01-9D85450C23AF}.FontAwesome Free Debug|x86.Build.0 = Debug|x86
		{B09E110F-587D-490E-AB01-9D85450C23AF}.FontAwesome Free Release|Any CPU.ActiveCfg = Release|Any CPU
		{B09E110F-587D-490E-AB01-9D85450C23AF}.FontAwesome Free Release|ARM.ActiveCfg = Release|ARM
		{B09E110F-587D-490E-AB01-9D85450C23AF}.FontAwesome Free Release|ARM.Build.0 = Release|ARM
		{B09E110F-587D-490E-AB01-9D85450C23AF}.FontAwesome Free Release|ARM64.ActiveCfg = Release|ARM64
		{B09E110F-587D-490E-AB01-9D85450C23AF}.FontAwesome Free Release|ARM64.Build.0 = Release|ARM64
		{B09E110F-587D-490E-AB01-9D85450C23AF}.FontAwesome Free Release|x64.ActiveCfg = Release|x64
		{B09E110F-587D-490E-AB01-9D85450C23AF}.FontAwesome Free Release|x64.Build.0 = Release|x64
		{B09E110F-587D-490E-AB01-9D85450C23AF}.FontAwesome Free Release|x86.ActiveCfg = Release|x86
		{B09E110F-587D-490E-AB01-9D85450C23AF}.FontAwesome Free Release|x86.Build.0 = Release|x86
		{B09E110F-587D-490E-AB01-9D85450C23AF}.FontAwesome Pro Debug|Any CPU.ActiveCfg = Debug|Any CPU
		{B09E110F-587D-490E-AB01-9D85450C23AF}.FontAwesome Pro Debug|Any CPU.Build.0 = Debug|Any CPU
		{B09E110F-587D-490E-AB01-9D85450C23AF}.FontAwesome Pro Debug|ARM.ActiveCfg = Debug|ARM
		{B09E110F-587D-490E-AB01-9D85450C23AF}.FontAwesome Pro Debug|ARM.Build.0 = Debug|ARM
		{B09E110F-587D-490E-AB01-9D85450C23AF}.FontAwesome Pro Debug|ARM64.ActiveCfg = Debug|ARM64
		{B09E110F-587D-490E-AB01-9D85450C23AF}.FontAwesome Pro Debug|ARM64.Build.0 = Debug|ARM64
		{B09E110F-587D-490E-AB01-9D85450C23AF}.FontAwesome Pro Debug|x64.ActiveCfg = Debug|x64
		{B09E110F-587D-490E-AB01-9D85450C23AF}.FontAwesome Pro Debug|x64.Build.0 = Debug|x64
		{B09E110F-587D-490E-AB01-9D85450C23AF}.FontAwesome Pro Debug|x86.ActiveCfg = Debug|x86
		{B09E110F-587D-490E-AB01-9D85450C23AF}.FontAwesome Pro Debug|x86.Build.0 = Debug|x86
		{B09E110F-587D-490E-AB01-9D85450C23AF}.FontAwesome Pro Release|Any CPU.ActiveCfg = Release|Any CPU
		{B09E110F-587D-490E-AB01-9D85450C23AF}.FontAwesome Pro Release|Any CPU.Build.0 = Release|Any CPU
		{B09E110F-587D-490E-AB01-9D85450C23AF}.FontAwesome Pro Release|ARM.ActiveCfg = Release|ARM
		{B09E110F-587D-490E-AB01-9D85450C23AF}.FontAwesome Pro Release|ARM.Build.0 = Release|ARM
		{B09E110F-587D-490E-AB01-9D85450C23AF}.FontAwesome Pro Release|ARM64.ActiveCfg = Release|ARM64
		{B09E110F-587D-490E-AB01-9D85450C23AF}.FontAwesome Pro Release|ARM64.Build.0 = Release|ARM64
		{B09E110F-587D-490E-AB01-9D85450C23AF}.FontAwesome Pro Release|x64.ActiveCfg = Release|x64
		{B09E110F-587D-490E-AB01-9D85450C23AF}.FontAwesome Pro Release|x64.Build.0 = Release|x64
		{B09E110F-587D-490E-AB01-9D85450C23AF}.FontAwesome Pro Release|x86.ActiveCfg = Release|x86
		{B09E110F-587D-490E-AB01-9D85450C23AF}.FontAwesome Pro Release|x86.Build.0 = Release|x86
		{B09E110F-587D-490E-AB01-9D85450C23AF}.Generator Debug|Any CPU.ActiveCfg = Debug|Any CPU
		{B09E110F-587D-490E-AB01-9D85450C23AF}.Generator Debug|ARM.ActiveCfg = Debug|ARM
		{B09E110F-587D-490E-AB01-9D85450C23AF}.Generator Debug|ARM.Build.0 = Debug|ARM
		{B09E110F-587D-490E-AB01-9D85450C23AF}.Generator Debug|ARM64.ActiveCfg = Debug|ARM64
		{B09E110F-587D-490E-AB01-9D85450C23AF}.Generator Debug|ARM64.Build.0 = Debug|ARM64
		{B09E110F-587D-490E-AB01-9D85450C23AF}.Generator Debug|x64.ActiveCfg = Debug|x64
		{B09E110F-587D-490E-AB01-9D85450C23AF}.Generator Debug|x64.Build.0 = Debug|x64
		{B09E110F-587D-490E-AB01-9D85450C23AF}.Generator Debug|x86.ActiveCfg = Debug|x86
		{B09E110F-587D-490E-AB01-9D85450C23AF}.Generator Debug|x86.Build.0 = Debug|x86
		{B09E110F-587D-490E-AB01-9D85450C23AF}.Generator Release|Any CPU.ActiveCfg = Debug|Any CPU
		{B09E110F-587D-490E-AB01-9D85450C23AF}.Generator Release|ARM.ActiveCfg = Debug|ARM
		{B09E110F-587D-490E-AB01-9D85450C23AF}.Generator Release|ARM.Build.0 = Debug|ARM
		{B09E110F-587D-490E-AB01-9D85450C23AF}.Generator Release|ARM64.ActiveCfg = Debug|ARM64
		{B09E110F-587D-490E-AB01-9D85450C23AF}.Generator Release|ARM64.Build.0 = Debug|ARM64
		{B09E110F-587D-490E-AB01-9D85450C23AF}.Generator Release|x64.ActiveCfg = Debug|x64
		{B09E110F-587D-490E-AB01-9D85450C23AF}.Generator Release|x64.Build.0 = Debug|x64
		{B09E110F-587D-490E-AB01-9D85450C23AF}.Generator Release|x86.ActiveCfg = Debug|x86
		{B09E110F-587D-490E-AB01-9D85450C23AF}.Generator Release|x86.Build.0 = Debug|x86
		{B09E110F-587D-490E-AB01-9D85450C23AF}.Release|Any CPU.ActiveCfg = Release|Any CPU
		{B09E110F-587D-490E-AB01-9D85450C23AF}.Release|Any CPU.Build.0 = Release|Any CPU
		{B09E110F-587D-490E-AB01-9D85450C23AF}.Release|ARM.ActiveCfg = Release|ARM
		{B09E110F-587D-490E-AB01-9D85450C23AF}.Release|ARM.Build.0 = Release|ARM
		{B09E110F-587D-490E-AB01-9D85450C23AF}.Release|ARM64.ActiveCfg = Release|ARM64
		{B09E110F-587D-490E-AB01-9D85450C23AF}.Release|ARM64.Build.0 = Release|ARM64
		{B09E110F-587D-490E-AB01-9D85450C23AF}.Release|x64.ActiveCfg = Release|x64
		{B09E110F-587D-490E-AB01-9D85450C23AF}.Release|x64.Build.0 = Release|x64
		{B09E110F-587D-490E-AB01-9D85450C23AF}.Release|x86.ActiveCfg = Release|x86
		{B09E110F-587D-490E-AB01-9D85450C23AF}.Release|x86.Build.0 = Release|x86
		{27EE4616-6AFC-4AF6-BD12-18C4CDA487A5}.Debug|Any CPU.ActiveCfg = Debug|Any CPU
		{27EE4616-6AFC-4AF6-BD12-18C4CDA487A5}.Debug|Any CPU.Build.0 = Debug|Any CPU
		{27EE4616-6AFC-4AF6-BD12-18C4CDA487A5}.Debug|ARM.ActiveCfg = Debug|Any CPU
		{27EE4616-6AFC-4AF6-BD12-18C4CDA487A5}.Debug|ARM.Build.0 = Debug|Any CPU
		{27EE4616-6AFC-4AF6-BD12-18C4CDA487A5}.Debug|ARM64.ActiveCfg = Debug|Any CPU
		{27EE4616-6AFC-4AF6-BD12-18C4CDA487A5}.Debug|ARM64.Build.0 = Debug|Any CPU
		{27EE4616-6AFC-4AF6-BD12-18C4CDA487A5}.Debug|x64.ActiveCfg = Debug|Any CPU
		{27EE4616-6AFC-4AF6-BD12-18C4CDA487A5}.Debug|x64.Build.0 = Debug|Any CPU
		{27EE4616-6AFC-4AF6-BD12-18C4CDA487A5}.Debug|x86.ActiveCfg = Debug|Any CPU
		{27EE4616-6AFC-4AF6-BD12-18C4CDA487A5}.Debug|x86.Build.0 = Debug|Any CPU
		{27EE4616-6AFC-4AF6-BD12-18C4CDA487A5}.FontAwesome Free Debug|Any CPU.ActiveCfg = Debug|Any CPU
		{27EE4616-6AFC-4AF6-BD12-18C4CDA487A5}.FontAwesome Free Debug|ARM.ActiveCfg = Debug|Any CPU
		{27EE4616-6AFC-4AF6-BD12-18C4CDA487A5}.FontAwesome Free Debug|ARM.Build.0 = Debug|Any CPU
		{27EE4616-6AFC-4AF6-BD12-18C4CDA487A5}.FontAwesome Free Debug|ARM64.ActiveCfg = Debug|Any CPU
		{27EE4616-6AFC-4AF6-BD12-18C4CDA487A5}.FontAwesome Free Debug|ARM64.Build.0 = Debug|Any CPU
		{27EE4616-6AFC-4AF6-BD12-18C4CDA487A5}.FontAwesome Free Debug|x64.ActiveCfg = Debug|Any CPU
		{27EE4616-6AFC-4AF6-BD12-18C4CDA487A5}.FontAwesome Free Debug|x64.Build.0 = Debug|Any CPU
		{27EE4616-6AFC-4AF6-BD12-18C4CDA487A5}.FontAwesome Free Debug|x86.ActiveCfg = Debug|Any CPU
		{27EE4616-6AFC-4AF6-BD12-18C4CDA487A5}.FontAwesome Free Debug|x86.Build.0 = Debug|Any CPU
		{27EE4616-6AFC-4AF6-BD12-18C4CDA487A5}.FontAwesome Free Release|Any CPU.ActiveCfg = Release|Any CPU
		{27EE4616-6AFC-4AF6-BD12-18C4CDA487A5}.FontAwesome Free Release|ARM.ActiveCfg = Release|Any CPU
		{27EE4616-6AFC-4AF6-BD12-18C4CDA487A5}.FontAwesome Free Release|ARM.Build.0 = Release|Any CPU
		{27EE4616-6AFC-4AF6-BD12-18C4CDA487A5}.FontAwesome Free Release|ARM64.ActiveCfg = Release|Any CPU
		{27EE4616-6AFC-4AF6-BD12-18C4CDA487A5}.FontAwesome Free Release|ARM64.Build.0 = Release|Any CPU
		{27EE4616-6AFC-4AF6-BD12-18C4CDA487A5}.FontAwesome Free Release|x64.ActiveCfg = Release|Any CPU
		{27EE4616-6AFC-4AF6-BD12-18C4CDA487A5}.FontAwesome Free Release|x64.Build.0 = Release|Any CPU
		{27EE4616-6AFC-4AF6-BD12-18C4CDA487A5}.FontAwesome Free Release|x86.ActiveCfg = Release|Any CPU
		{27EE4616-6AFC-4AF6-BD12-18C4CDA487A5}.FontAwesome Free Release|x86.Build.0 = Release|Any CPU
		{27EE4616-6AFC-4AF6-BD12-18C4CDA487A5}.FontAwesome Pro Debug|Any CPU.ActiveCfg = Debug|Any CPU
		{27EE4616-6AFC-4AF6-BD12-18C4CDA487A5}.FontAwesome Pro Debug|Any CPU.Build.0 = Debug|Any CPU
		{27EE4616-6AFC-4AF6-BD12-18C4CDA487A5}.FontAwesome Pro Debug|ARM.ActiveCfg = Debug|Any CPU
		{27EE4616-6AFC-4AF6-BD12-18C4CDA487A5}.FontAwesome Pro Debug|ARM.Build.0 = Debug|Any CPU
		{27EE4616-6AFC-4AF6-BD12-18C4CDA487A5}.FontAwesome Pro Debug|ARM64.ActiveCfg = Debug|Any CPU
		{27EE4616-6AFC-4AF6-BD12-18C4CDA487A5}.FontAwesome Pro Debug|ARM64.Build.0 = Debug|Any CPU
		{27EE4616-6AFC-4AF6-BD12-18C4CDA487A5}.FontAwesome Pro Debug|x64.ActiveCfg = Debug|Any CPU
		{27EE4616-6AFC-4AF6-BD12-18C4CDA487A5}.FontAwesome Pro Debug|x64.Build.0 = Debug|Any CPU
		{27EE4616-6AFC-4AF6-BD12-18C4CDA487A5}.FontAwesome Pro Debug|x86.ActiveCfg = Debug|Any CPU
		{27EE4616-6AFC-4AF6-BD12-18C4CDA487A5}.FontAwesome Pro Debug|x86.Build.0 = Debug|Any CPU
		{27EE4616-6AFC-4AF6-BD12-18C4CDA487A5}.FontAwesome Pro Release|Any CPU.ActiveCfg = Release|Any CPU
		{27EE4616-6AFC-4AF6-BD12-18C4CDA487A5}.FontAwesome Pro Release|ARM.ActiveCfg = Release|Any CPU
		{27EE4616-6AFC-4AF6-BD12-18C4CDA487A5}.FontAwesome Pro Release|ARM.Build.0 = Release|Any CPU
		{27EE4616-6AFC-4AF6-BD12-18C4CDA487A5}.FontAwesome Pro Release|ARM64.ActiveCfg = Release|Any CPU
		{27EE4616-6AFC-4AF6-BD12-18C4CDA487A5}.FontAwesome Pro Release|ARM64.Build.0 = Release|Any CPU
		{27EE4616-6AFC-4AF6-BD12-18C4CDA487A5}.FontAwesome Pro Release|x64.ActiveCfg = Release|Any CPU
		{27EE4616-6AFC-4AF6-BD12-18C4CDA487A5}.FontAwesome Pro Release|x64.Build.0 = Release|Any CPU
		{27EE4616-6AFC-4AF6-BD12-18C4CDA487A5}.FontAwesome Pro Release|x86.ActiveCfg = Release|Any CPU
		{27EE4616-6AFC-4AF6-BD12-18C4CDA487A5}.FontAwesome Pro Release|x86.Build.0 = Release|Any CPU
		{27EE4616-6AFC-4AF6-BD12-18C4CDA487A5}.Generator Debug|Any CPU.ActiveCfg = Debug|Any CPU
		{27EE4616-6AFC-4AF6-BD12-18C4CDA487A5}.Generator Debug|ARM.ActiveCfg = Debug|Any CPU
		{27EE4616-6AFC-4AF6-BD12-18C4CDA487A5}.Generator Debug|ARM.Build.0 = Debug|Any CPU
		{27EE4616-6AFC-4AF6-BD12-18C4CDA487A5}.Generator Debug|ARM64.ActiveCfg = Debug|Any CPU
		{27EE4616-6AFC-4AF6-BD12-18C4CDA487A5}.Generator Debug|ARM64.Build.0 = Debug|Any CPU
		{27EE4616-6AFC-4AF6-BD12-18C4CDA487A5}.Generator Debug|x64.ActiveCfg = Debug|Any CPU
		{27EE4616-6AFC-4AF6-BD12-18C4CDA487A5}.Generator Debug|x64.Build.0 = Debug|Any CPU
		{27EE4616-6AFC-4AF6-BD12-18C4CDA487A5}.Generator Debug|x86.ActiveCfg = Debug|Any CPU
		{27EE4616-6AFC-4AF6-BD12-18C4CDA487A5}.Generator Debug|x86.Build.0 = Debug|Any CPU
		{27EE4616-6AFC-4AF6-BD12-18C4CDA487A5}.Generator Release|Any CPU.ActiveCfg = Debug|Any CPU
		{27EE4616-6AFC-4AF6-BD12-18C4CDA487A5}.Generator Release|ARM.ActiveCfg = Debug|Any CPU
		{27EE4616-6AFC-4AF6-BD12-18C4CDA487A5}.Generator Release|ARM.Build.0 = Debug|Any CPU
		{27EE4616-6AFC-4AF6-BD12-18C4CDA487A5}.Generator Release|ARM64.ActiveCfg = Debug|Any CPU
		{27EE4616-6AFC-4AF6-BD12-18C4CDA487A5}.Generator Release|ARM64.Build.0 = Debug|Any CPU
		{27EE4616-6AFC-4AF6-BD12-18C4CDA487A5}.Generator Release|x64.ActiveCfg = Debug|Any CPU
		{27EE4616-6AFC-4AF6-BD12-18C4CDA487A5}.Generator Release|x64.Build.0 = Debug|Any CPU
		{27EE4616-6AFC-4AF6-BD12-18C4CDA487A5}.Generator Release|x86.ActiveCfg = Debug|Any CPU
		{27EE4616-6AFC-4AF6-BD12-18C4CDA487A5}.Generator Release|x86.Build.0 = Debug|Any CPU
		{27EE4616-6AFC-4AF6-BD12-18C4CDA487A5}.Release|Any CPU.ActiveCfg = Release|Any CPU
		{27EE4616-6AFC-4AF6-BD12-18C4CDA487A5}.Release|Any CPU.Build.0 = Release|Any CPU
		{27EE4616-6AFC-4AF6-BD12-18C4CDA487A5}.Release|ARM.ActiveCfg = Release|Any CPU
		{27EE4616-6AFC-4AF6-BD12-18C4CDA487A5}.Release|ARM.Build.0 = Release|Any CPU
		{27EE4616-6AFC-4AF6-BD12-18C4CDA487A5}.Release|ARM64.ActiveCfg = Release|Any CPU
		{27EE4616-6AFC-4AF6-BD12-18C4CDA487A5}.Release|ARM64.Build.0 = Release|Any CPU
		{27EE4616-6AFC-4AF6-BD12-18C4CDA487A5}.Release|x64.ActiveCfg = Release|Any CPU
		{27EE4616-6AFC-4AF6-BD12-18C4CDA487A5}.Release|x64.Build.0 = Release|Any CPU
		{27EE4616-6AFC-4AF6-BD12-18C4CDA487A5}.Release|x86.ActiveCfg = Release|Any CPU
		{27EE4616-6AFC-4AF6-BD12-18C4CDA487A5}.Release|x86.Build.0 = Release|Any CPU
		{5016E0A4-2F15-4C9F-BCA3-A5D3558AA291}.Debug|Any CPU.ActiveCfg = Debug|x86
		{5016E0A4-2F15-4C9F-BCA3-A5D3558AA291}.Debug|ARM.ActiveCfg = Debug|ARM
		{5016E0A4-2F15-4C9F-BCA3-A5D3558AA291}.Debug|ARM.Build.0 = Debug|ARM
		{5016E0A4-2F15-4C9F-BCA3-A5D3558AA291}.Debug|ARM.Deploy.0 = Debug|ARM
		{5016E0A4-2F15-4C9F-BCA3-A5D3558AA291}.Debug|ARM64.ActiveCfg = Debug|x86
		{5016E0A4-2F15-4C9F-BCA3-A5D3558AA291}.Debug|x64.ActiveCfg = Debug|x64
		{5016E0A4-2F15-4C9F-BCA3-A5D3558AA291}.Debug|x64.Build.0 = Debug|x64
		{5016E0A4-2F15-4C9F-BCA3-A5D3558AA291}.Debug|x64.Deploy.0 = Debug|x64
		{5016E0A4-2F15-4C9F-BCA3-A5D3558AA291}.Debug|x86.ActiveCfg = Debug|x86
		{5016E0A4-2F15-4C9F-BCA3-A5D3558AA291}.Debug|x86.Build.0 = Debug|x86
		{5016E0A4-2F15-4C9F-BCA3-A5D3558AA291}.Debug|x86.Deploy.0 = Debug|x86
		{5016E0A4-2F15-4C9F-BCA3-A5D3558AA291}.FontAwesome Free Debug|Any CPU.ActiveCfg = Debug|x86
		{5016E0A4-2F15-4C9F-BCA3-A5D3558AA291}.FontAwesome Free Debug|ARM.ActiveCfg = Debug|ARM
		{5016E0A4-2F15-4C9F-BCA3-A5D3558AA291}.FontAwesome Free Debug|ARM.Build.0 = Debug|ARM
		{5016E0A4-2F15-4C9F-BCA3-A5D3558AA291}.FontAwesome Free Debug|ARM.Deploy.0 = Debug|ARM
		{5016E0A4-2F15-4C9F-BCA3-A5D3558AA291}.FontAwesome Free Debug|ARM64.ActiveCfg = Debug|x86
		{5016E0A4-2F15-4C9F-BCA3-A5D3558AA291}.FontAwesome Free Debug|ARM64.Build.0 = Debug|x86
		{5016E0A4-2F15-4C9F-BCA3-A5D3558AA291}.FontAwesome Free Debug|ARM64.Deploy.0 = Debug|x86
		{5016E0A4-2F15-4C9F-BCA3-A5D3558AA291}.FontAwesome Free Debug|x64.ActiveCfg = Debug|x64
		{5016E0A4-2F15-4C9F-BCA3-A5D3558AA291}.FontAwesome Free Debug|x64.Build.0 = Debug|x64
		{5016E0A4-2F15-4C9F-BCA3-A5D3558AA291}.FontAwesome Free Debug|x64.Deploy.0 = Debug|x64
		{5016E0A4-2F15-4C9F-BCA3-A5D3558AA291}.FontAwesome Free Debug|x86.ActiveCfg = Debug|x86
		{5016E0A4-2F15-4C9F-BCA3-A5D3558AA291}.FontAwesome Free Debug|x86.Build.0 = Debug|x86
		{5016E0A4-2F15-4C9F-BCA3-A5D3558AA291}.FontAwesome Free Debug|x86.Deploy.0 = Debug|x86
		{5016E0A4-2F15-4C9F-BCA3-A5D3558AA291}.FontAwesome Free Release|Any CPU.ActiveCfg = Debug|x86
		{5016E0A4-2F15-4C9F-BCA3-A5D3558AA291}.FontAwesome Free Release|ARM.ActiveCfg = Release|ARM
		{5016E0A4-2F15-4C9F-BCA3-A5D3558AA291}.FontAwesome Free Release|ARM.Build.0 = Release|ARM
		{5016E0A4-2F15-4C9F-BCA3-A5D3558AA291}.FontAwesome Free Release|ARM.Deploy.0 = Release|ARM
		{5016E0A4-2F15-4C9F-BCA3-A5D3558AA291}.FontAwesome Free Release|ARM64.ActiveCfg = Debug|x86
		{5016E0A4-2F15-4C9F-BCA3-A5D3558AA291}.FontAwesome Free Release|ARM64.Build.0 = Debug|x86
		{5016E0A4-2F15-4C9F-BCA3-A5D3558AA291}.FontAwesome Free Release|ARM64.Deploy.0 = Debug|x86
		{5016E0A4-2F15-4C9F-BCA3-A5D3558AA291}.FontAwesome Free Release|x64.ActiveCfg = Release|x64
		{5016E0A4-2F15-4C9F-BCA3-A5D3558AA291}.FontAwesome Free Release|x64.Build.0 = Release|x64
		{5016E0A4-2F15-4C9F-BCA3-A5D3558AA291}.FontAwesome Free Release|x64.Deploy.0 = Release|x64
		{5016E0A4-2F15-4C9F-BCA3-A5D3558AA291}.FontAwesome Free Release|x86.ActiveCfg = Release|x86
		{5016E0A4-2F15-4C9F-BCA3-A5D3558AA291}.FontAwesome Free Release|x86.Build.0 = Release|x86
		{5016E0A4-2F15-4C9F-BCA3-A5D3558AA291}.FontAwesome Free Release|x86.Deploy.0 = Release|x86
		{5016E0A4-2F15-4C9F-BCA3-A5D3558AA291}.FontAwesome Pro Debug|Any CPU.ActiveCfg = Debug|x86
		{5016E0A4-2F15-4C9F-BCA3-A5D3558AA291}.FontAwesome Pro Debug|Any CPU.Build.0 = Debug|x86
		{5016E0A4-2F15-4C9F-BCA3-A5D3558AA291}.FontAwesome Pro Debug|ARM.ActiveCfg = Debug|ARM
		{5016E0A4-2F15-4C9F-BCA3-A5D3558AA291}.FontAwesome Pro Debug|ARM.Build.0 = Debug|ARM
		{5016E0A4-2F15-4C9F-BCA3-A5D3558AA291}.FontAwesome Pro Debug|ARM.Deploy.0 = Debug|ARM
		{5016E0A4-2F15-4C9F-BCA3-A5D3558AA291}.FontAwesome Pro Debug|ARM64.ActiveCfg = Debug|x86
		{5016E0A4-2F15-4C9F-BCA3-A5D3558AA291}.FontAwesome Pro Debug|ARM64.Build.0 = Debug|x86
		{5016E0A4-2F15-4C9F-BCA3-A5D3558AA291}.FontAwesome Pro Debug|ARM64.Deploy.0 = Debug|x86
		{5016E0A4-2F15-4C9F-BCA3-A5D3558AA291}.FontAwesome Pro Debug|x64.ActiveCfg = Debug|x64
		{5016E0A4-2F15-4C9F-BCA3-A5D3558AA291}.FontAwesome Pro Debug|x64.Build.0 = Debug|x64
		{5016E0A4-2F15-4C9F-BCA3-A5D3558AA291}.FontAwesome Pro Debug|x64.Deploy.0 = Debug|x64
		{5016E0A4-2F15-4C9F-BCA3-A5D3558AA291}.FontAwesome Pro Debug|x86.ActiveCfg = Debug|x86
		{5016E0A4-2F15-4C9F-BCA3-A5D3558AA291}.FontAwesome Pro Debug|x86.Build.0 = Debug|x86
		{5016E0A4-2F15-4C9F-BCA3-A5D3558AA291}.FontAwesome Pro Debug|x86.Deploy.0 = Debug|x86
		{5016E0A4-2F15-4C9F-BCA3-A5D3558AA291}.FontAwesome Pro Release|Any CPU.ActiveCfg = Debug|x86
		{5016E0A4-2F15-4C9F-BCA3-A5D3558AA291}.FontAwesome Pro Release|ARM.ActiveCfg = Release|ARM
		{5016E0A4-2F15-4C9F-BCA3-A5D3558AA291}.FontAwesome Pro Release|ARM.Build.0 = Release|ARM
		{5016E0A4-2F15-4C9F-BCA3-A5D3558AA291}.FontAwesome Pro Release|ARM.Deploy.0 = Release|ARM
		{5016E0A4-2F15-4C9F-BCA3-A5D3558AA291}.FontAwesome Pro Release|ARM64.ActiveCfg = Debug|x86
		{5016E0A4-2F15-4C9F-BCA3-A5D3558AA291}.FontAwesome Pro Release|ARM64.Build.0 = Debug|x86
		{5016E0A4-2F15-4C9F-BCA3-A5D3558AA291}.FontAwesome Pro Release|ARM64.Deploy.0 = Debug|x86
		{5016E0A4-2F15-4C9F-BCA3-A5D3558AA291}.FontAwesome Pro Release|x64.ActiveCfg = Release|x64
		{5016E0A4-2F15-4C9F-BCA3-A5D3558AA291}.FontAwesome Pro Release|x64.Build.0 = Release|x64
		{5016E0A4-2F15-4C9F-BCA3-A5D3558AA291}.FontAwesome Pro Release|x64.Deploy.0 = Release|x64
		{5016E0A4-2F15-4C9F-BCA3-A5D3558AA291}.FontAwesome Pro Release|x86.ActiveCfg = Release|x86
		{5016E0A4-2F15-4C9F-BCA3-A5D3558AA291}.FontAwesome Pro Release|x86.Build.0 = Release|x86
		{5016E0A4-2F15-4C9F-BCA3-A5D3558AA291}.FontAwesome Pro Release|x86.Deploy.0 = Release|x86
		{5016E0A4-2F15-4C9F-BCA3-A5D3558AA291}.Generator Debug|Any CPU.ActiveCfg = Debug|x86
		{5016E0A4-2F15-4C9F-BCA3-A5D3558AA291}.Generator Debug|ARM.ActiveCfg = Debug|ARM
		{5016E0A4-2F15-4C9F-BCA3-A5D3558AA291}.Generator Debug|ARM.Build.0 = Debug|ARM
		{5016E0A4-2F15-4C9F-BCA3-A5D3558AA291}.Generator Debug|ARM.Deploy.0 = Debug|ARM
		{5016E0A4-2F15-4C9F-BCA3-A5D3558AA291}.Generator Debug|ARM64.ActiveCfg = Debug|x86
		{5016E0A4-2F15-4C9F-BCA3-A5D3558AA291}.Generator Debug|ARM64.Build.0 = Debug|x86
		{5016E0A4-2F15-4C9F-BCA3-A5D3558AA291}.Generator Debug|ARM64.Deploy.0 = Debug|x86
		{5016E0A4-2F15-4C9F-BCA3-A5D3558AA291}.Generator Debug|x64.ActiveCfg = Debug|x64
		{5016E0A4-2F15-4C9F-BCA3-A5D3558AA291}.Generator Debug|x64.Build.0 = Debug|x64
		{5016E0A4-2F15-4C9F-BCA3-A5D3558AA291}.Generator Debug|x64.Deploy.0 = Debug|x64
		{5016E0A4-2F15-4C9F-BCA3-A5D3558AA291}.Generator Debug|x86.ActiveCfg = Debug|x86
		{5016E0A4-2F15-4C9F-BCA3-A5D3558AA291}.Generator Debug|x86.Build.0 = Debug|x86
		{5016E0A4-2F15-4C9F-BCA3-A5D3558AA291}.Generator Debug|x86.Deploy.0 = Debug|x86
		{5016E0A4-2F15-4C9F-BCA3-A5D3558AA291}.Generator Release|Any CPU.ActiveCfg = Debug|x86
		{5016E0A4-2F15-4C9F-BCA3-A5D3558AA291}.Generator Release|ARM.ActiveCfg = Debug|ARM
		{5016E0A4-2F15-4C9F-BCA3-A5D3558AA291}.Generator Release|ARM.Build.0 = Debug|ARM
		{5016E0A4-2F15-4C9F-BCA3-A5D3558AA291}.Generator Release|ARM.Deploy.0 = Debug|ARM
		{5016E0A4-2F15-4C9F-BCA3-A5D3558AA291}.Generator Release|ARM64.ActiveCfg = Debug|x86
		{5016E0A4-2F15-4C9F-BCA3-A5D3558AA291}.Generator Release|ARM64.Build.0 = Debug|x86
		{5016E0A4-2F15-4C9F-BCA3-A5D3558AA291}.Generator Release|ARM64.Deploy.0 = Debug|x86
		{5016E0A4-2F15-4C9F-BCA3-A5D3558AA291}.Generator Release|x64.ActiveCfg = Debug|x64
		{5016E0A4-2F15-4C9F-BCA3-A5D3558AA291}.Generator Release|x64.Build.0 = Debug|x64
		{5016E0A4-2F15-4C9F-BCA3-A5D3558AA291}.Generator Release|x64.Deploy.0 = Debug|x64
		{5016E0A4-2F15-4C9F-BCA3-A5D3558AA291}.Generator Release|x86.ActiveCfg = Debug|x86
		{5016E0A4-2F15-4C9F-BCA3-A5D3558AA291}.Generator Release|x86.Build.0 = Debug|x86
		{5016E0A4-2F15-4C9F-BCA3-A5D3558AA291}.Generator Release|x86.Deploy.0 = Debug|x86
		{5016E0A4-2F15-4C9F-BCA3-A5D3558AA291}.Release|Any CPU.ActiveCfg = Release|x86
		{5016E0A4-2F15-4C9F-BCA3-A5D3558AA291}.Release|ARM.ActiveCfg = Release|ARM
		{5016E0A4-2F15-4C9F-BCA3-A5D3558AA291}.Release|ARM.Build.0 = Release|ARM
		{5016E0A4-2F15-4C9F-BCA3-A5D3558AA291}.Release|ARM.Deploy.0 = Release|ARM
		{5016E0A4-2F15-4C9F-BCA3-A5D3558AA291}.Release|ARM64.ActiveCfg = Release|x86
		{5016E0A4-2F15-4C9F-BCA3-A5D3558AA291}.Release|x64.ActiveCfg = Release|x64
		{5016E0A4-2F15-4C9F-BCA3-A5D3558AA291}.Release|x64.Build.0 = Release|x64
		{5016E0A4-2F15-4C9F-BCA3-A5D3558AA291}.Release|x64.Deploy.0 = Release|x64
		{5016E0A4-2F15-4C9F-BCA3-A5D3558AA291}.Release|x86.ActiveCfg = Release|x86
		{5016E0A4-2F15-4C9F-BCA3-A5D3558AA291}.Release|x86.Build.0 = Release|x86
		{5016E0A4-2F15-4C9F-BCA3-A5D3558AA291}.Release|x86.Deploy.0 = Release|x86
	EndGlobalSection
	GlobalSection(SolutionProperties) = preSolution
		HideSolutionNode = FALSE
	EndGlobalSection
	GlobalSection(NestedProjects) = preSolution
		{36BAF672-62DD-46A9-B6E6-1F3B0AA0D84B} = {5DB18EB6-0943-4E8A-A9D7-C7146AD79C00}
		{C746EF21-96BB-4345-B888-A7BBEBAFBA3C} = {4AEDDC89-0F0F-4FFE-9E7F-FB2834A97BEB}
		{BAC749B5-1E4D-4175-8AD7-81BD0AE080C1} = {4AEDDC89-0F0F-4FFE-9E7F-FB2834A97BEB}
		{F9E78A5B-F7DB-4870-A2C4-9FE7FAFA5212} = {4AEDDC89-0F0F-4FFE-9E7F-FB2834A97BEB}
		{27EE4616-6AFC-4AF6-BD12-18C4CDA487A5} = {4AEDDC89-0F0F-4FFE-9E7F-FB2834A97BEB}
		{5016E0A4-2F15-4C9F-BCA3-A5D3558AA291} = {4AEDDC89-0F0F-4FFE-9E7F-FB2834A97BEB}
	EndGlobalSection
	GlobalSection(ExtensibilityGlobals) = postSolution
		SolutionGuid = {CCE0C24A-AD07-48ED-8A93-2B927239ED7E}
	EndGlobalSection
EndGlobal
